// !$*UTF8*$!
{
	archiveVersion = 1;
	classes = {
	};
	objectVersion = 55;
	objects = {

/* Begin PBXBuildFile section */
		DC1037F028F72D75005E5B57 /* SignedInView.swift in Sources */ = {isa = PBXBuildFile; fileRef = DC1037EF28F72D75005E5B57 /* SignedInView.swift */; };
		DC1604B42911C74500FB71EF /* SwimmerCoachView2.swift in Sources */ = {isa = PBXBuildFile; fileRef = DC1604B32911C74500FB71EF /* SwimmerCoachView2.swift */; };
		DC3C887F28F3558E0065CBD6 /* SwimmerMainView.swift in Sources */ = {isa = PBXBuildFile; fileRef = DC3C887E28F3558E0065CBD6 /* SwimmerMainView.swift */; };
		DC3C888128F35B200065CBD6 /* SwimmerMessagesView.swift in Sources */ = {isa = PBXBuildFile; fileRef = DC3C888028F35B200065CBD6 /* SwimmerMessagesView.swift */; };
		DC3C888428F426250065CBD6 /* Message.swift in Sources */ = {isa = PBXBuildFile; fileRef = DC3C888328F426250065CBD6 /* Message.swift */; };
		DC3C888628F426890065CBD6 /* MessageView.swift in Sources */ = {isa = PBXBuildFile; fileRef = DC3C888528F426890065CBD6 /* MessageView.swift */; };
		DC3C888828F42BAE0065CBD6 /* Profile.swift in Sources */ = {isa = PBXBuildFile; fileRef = DC3C888728F42BAE0065CBD6 /* Profile.swift */; };
		DC3C888A28F449140065CBD6 /* CoachMainView.swift in Sources */ = {isa = PBXBuildFile; fileRef = DC3C888928F449140065CBD6 /* CoachMainView.swift */; };
		DC3C888C28F455970065CBD6 /* SettingsView.swift in Sources */ = {isa = PBXBuildFile; fileRef = DC3C888B28F455970065CBD6 /* SettingsView.swift */; };
		DC3C889028F4A38D0065CBD6 /* MenuLabel.swift in Sources */ = {isa = PBXBuildFile; fileRef = DC3C888F28F4A38D0065CBD6 /* MenuLabel.swift */; };
		DC3C889228F4AA2B0065CBD6 /* ViewModifiers.swift in Sources */ = {isa = PBXBuildFile; fileRef = DC3C889128F4AA2B0065CBD6 /* ViewModifiers.swift */; };
		DC3C889928F4AFED0065CBD6 /* EditMessageView.swift in Sources */ = {isa = PBXBuildFile; fileRef = DC3C889828F4AFED0065CBD6 /* EditMessageView.swift */; };
		DC3C889B28F4C4F50065CBD6 /* WorkoutView.swift in Sources */ = {isa = PBXBuildFile; fileRef = DC3C889A28F4C4F50065CBD6 /* WorkoutView.swift */; };
		DC3C889D28F4C5830065CBD6 /* Workout.swift in Sources */ = {isa = PBXBuildFile; fileRef = DC3C889C28F4C5830065CBD6 /* Workout.swift */; };
		DC3C889F28F4D4040065CBD6 /* SwimmerWorkoutsView.swift in Sources */ = {isa = PBXBuildFile; fileRef = DC3C889E28F4D4040065CBD6 /* SwimmerWorkoutsView.swift */; };
		DC3C88A128F4DFCF0065CBD6 /* CoachWorkoutsView.swift in Sources */ = {isa = PBXBuildFile; fileRef = DC3C88A028F4DFCF0065CBD6 /* CoachWorkoutsView.swift */; };
		DC3C88A328F4E1430065CBD6 /* EditWorkoutView.swift in Sources */ = {isa = PBXBuildFile; fileRef = DC3C88A228F4E1430065CBD6 /* EditWorkoutView.swift */; };
		DC3C88A528F4E8EA0065CBD6 /* CoachTeamView.swift in Sources */ = {isa = PBXBuildFile; fileRef = DC3C88A428F4E8EA0065CBD6 /* CoachTeamView.swift */; };
		DC3C88A728F4F4A70065CBD6 /* SwimmerCoachView.swift in Sources */ = {isa = PBXBuildFile; fileRef = DC3C88A628F4F4A70065CBD6 /* SwimmerCoachView.swift */; };
		DC3E998F28FF42C3008E274C /* FirebaseImageStorageAPI.swift in Sources */ = {isa = PBXBuildFile; fileRef = DC3E998E28FF42C3008E274C /* FirebaseImageStorageAPI.swift */; };
		DC3E999329001F7E008E274C /* User.swift in Sources */ = {isa = PBXBuildFile; fileRef = DC3E999229001F7E008E274C /* User.swift */; };
		DC3E99992902C95B008E274C /* FirebaseAccountManager.swift in Sources */ = {isa = PBXBuildFile; fileRef = DC3E99982902C95B008E274C /* FirebaseAccountManager.swift */; };
		DC6CCE2C290AB4A500DB8427 /* ViewLoader.swift in Sources */ = {isa = PBXBuildFile; fileRef = DC6CCE2B290AB4A500DB8427 /* ViewLoader.swift */; };
		DC6CCE30290E8CD800DB8427 /* FirestoreCoachCollectionAPI.swift in Sources */ = {isa = PBXBuildFile; fileRef = DC6CCE2F290E8CD800DB8427 /* FirestoreCoachCollectionAPI.swift */; };
		DC6CCE32290FC4FF00DB8427 /* API.swift in Sources */ = {isa = PBXBuildFile; fileRef = DC6CCE31290FC4FF00DB8427 /* API.swift */; };
		DC6CCE342910841B00DB8427 /* FirestoreProfileAPI.swift in Sources */ = {isa = PBXBuildFile; fileRef = DC6CCE332910841B00DB8427 /* FirestoreProfileAPI.swift */; };
		DC7912E1291BD3140077B403 /* Helpers.swift in Sources */ = {isa = PBXBuildFile; fileRef = DC7912E0291BD3140077B403 /* Helpers.swift */; };
		DC863A512920531900934B62 /* CombineExtension.swift in Sources */ = {isa = PBXBuildFile; fileRef = DC863A502920531900934B62 /* CombineExtension.swift */; };
		DC88598028E269E20032E0FB /* SwimmeeApp.swift in Sources */ = {isa = PBXBuildFile; fileRef = DC88597F28E269E20032E0FB /* SwimmeeApp.swift */; };
		DC88598428E269E20032E0FB /* Assets.xcassets in Resources */ = {isa = PBXBuildFile; fileRef = DC88598328E269E20032E0FB /* Assets.xcassets */; };
		DC88598728E269E20032E0FB /* Preview Assets.xcassets in Resources */ = {isa = PBXBuildFile; fileRef = DC88598628E269E20032E0FB /* Preview Assets.xcassets */; };
		DC88599128E269E20032E0FB /* SwimmeeTests.swift in Sources */ = {isa = PBXBuildFile; fileRef = DC88599028E269E20032E0FB /* SwimmeeTests.swift */; };
		DC88599B28E269E20032E0FB /* SwimmeeUITests.swift in Sources */ = {isa = PBXBuildFile; fileRef = DC88599A28E269E20032E0FB /* SwimmeeUITests.swift */; };
		DC88599D28E269E20032E0FB /* SwimmeeUITestsLaunchTests.swift in Sources */ = {isa = PBXBuildFile; fileRef = DC88599C28E269E20032E0FB /* SwimmeeUITestsLaunchTests.swift */; };
		DC8859AA28E26F2B0032E0FB /* SignInView.swift in Sources */ = {isa = PBXBuildFile; fileRef = DC8859A928E26F2B0032E0FB /* SignInView.swift */; };
		DC8859AC28E26FE00032E0FB /* ProfileView.swift in Sources */ = {isa = PBXBuildFile; fileRef = DC8859AB28E26FE00032E0FB /* ProfileView.swift */; };
		DC9A434F2921950100485B1F /* FirestoreExtension.swift in Sources */ = {isa = PBXBuildFile; fileRef = DC9A434E2921950100485B1F /* FirestoreExtension.swift */; };
		DC9A435B2922880B00485B1F /* CoachMessagesView.swift in Sources */ = {isa = PBXBuildFile; fileRef = DC9A435A2922880B00485B1F /* CoachMessagesView.swift */; };
		DC9A435D292394A800485B1F /* LoadingView.swift in Sources */ = {isa = PBXBuildFile; fileRef = DC9A435C292394A800485B1F /* LoadingView.swift */; };
		DCA62DF728EF64E200F87C9B /* MainView.swift in Sources */ = {isa = PBXBuildFile; fileRef = DCA62DF628EF64E200F87C9B /* MainView.swift */; };
		DCA62DF928F00E0900F87C9B /* SignUpView.swift in Sources */ = {isa = PBXBuildFile; fileRef = DCA62DF828F00E0900F87C9B /* SignUpView.swift */; };
		DCA62DFB28F00EDB00F87C9B /* AppTitleView.swift in Sources */ = {isa = PBXBuildFile; fileRef = DCA62DFA28F00EDB00F87C9B /* AppTitleView.swift */; };
		DCAEA8F92919AF0000F936E7 /* SessionTests.swift in Sources */ = {isa = PBXBuildFile; fileRef = DCAEA8F82919AF0000F936E7 /* SessionTests.swift */; };
		DCAEA8FC291AAB9C00F936E7 /* ConnectionService.swift in Sources */ = {isa = PBXBuildFile; fileRef = DCAEA8FB291AAB9C00F936E7 /* ConnectionService.swift */; };
		DCBAD89129246B8800376A3E /* TextEditorWithPlaceholder.swift in Sources */ = {isa = PBXBuildFile; fileRef = DCBAD89029246B8800376A3E /* TextEditorWithPlaceholder.swift */; };
		DCDBE7E72915D77A00386076 /* AlertManager.swift in Sources */ = {isa = PBXBuildFile; fileRef = DCDBE7E62915D77A00386076 /* AlertManager.swift */; };
		DCF3237E28FB37180030626C /* FirebaseAuth in Frameworks */ = {isa = PBXBuildFile; productRef = DCF3237D28FB37180030626C /* FirebaseAuth */; };
		DCF3238028FB37180030626C /* FirebaseAuthCombine-Community in Frameworks */ = {isa = PBXBuildFile; productRef = DCF3237F28FB37180030626C /* FirebaseAuthCombine-Community */; };
		DCF3238228FB37180030626C /* FirebaseFirestore in Frameworks */ = {isa = PBXBuildFile; productRef = DCF3238128FB37180030626C /* FirebaseFirestore */; };
		DCF3238428FB37180030626C /* FirebaseFirestoreCombine-Community in Frameworks */ = {isa = PBXBuildFile; productRef = DCF3238328FB37180030626C /* FirebaseFirestoreCombine-Community */; };
		DCF3238628FB37180030626C /* FirebaseFirestoreSwift in Frameworks */ = {isa = PBXBuildFile; productRef = DCF3238528FB37180030626C /* FirebaseFirestoreSwift */; };
		DCF3238828FB37180030626C /* FirebaseStorage in Frameworks */ = {isa = PBXBuildFile; productRef = DCF3238728FB37180030626C /* FirebaseStorage */; };
		DCF3238A28FB37180030626C /* FirebaseStorageCombine-Community in Frameworks */ = {isa = PBXBuildFile; productRef = DCF3238928FB37180030626C /* FirebaseStorageCombine-Community */; };
		DCF3239028FC88360030626C /* GoogleService-Info.plist in Resources */ = {isa = PBXBuildFile; fileRef = DCF3238F28FC88360030626C /* GoogleService-Info.plist */; };
		DCF3239228FC8C060030626C /* FirebaseAuthAPI.swift in Sources */ = {isa = PBXBuildFile; fileRef = DCF3239128FC8C060030626C /* FirebaseAuthAPI.swift */; };
		DCFBCF4C2906D5F900F0BF35 /* DebugHelpers.swift in Sources */ = {isa = PBXBuildFile; fileRef = DCFBCF4B2906D5F900F0BF35 /* DebugHelpers.swift */; };
		DCFBCF4E29074B1900F0BF35 /* FormHelpers.swift in Sources */ = {isa = PBXBuildFile; fileRef = DCFBCF4D29074B1900F0BF35 /* FormHelpers.swift */; };
		DCFBCF5029074B7D00F0BF35 /* AuthenticationView.swift in Sources */ = {isa = PBXBuildFile; fileRef = DCFBCF4F29074B7D00F0BF35 /* AuthenticationView.swift */; };
		DCFBCF522908B1DE00F0BF35 /* ImagePicker.swift in Sources */ = {isa = PBXBuildFile; fileRef = DCFBCF512908B1DE00F0BF35 /* ImagePicker.swift */; };
/* End PBXBuildFile section */

/* Begin PBXContainerItemProxy section */
		DC88598D28E269E20032E0FB /* PBXContainerItemProxy */ = {
			isa = PBXContainerItemProxy;
			containerPortal = DC88597428E269E10032E0FB /* Project object */;
			proxyType = 1;
			remoteGlobalIDString = DC88597B28E269E20032E0FB;
			remoteInfo = Swimmee;
		};
		DC88599728E269E20032E0FB /* PBXContainerItemProxy */ = {
			isa = PBXContainerItemProxy;
			containerPortal = DC88597428E269E10032E0FB /* Project object */;
			proxyType = 1;
			remoteGlobalIDString = DC88597B28E269E20032E0FB;
			remoteInfo = Swimmee;
		};
/* End PBXContainerItemProxy section */

/* Begin PBXFileReference section */
		DC1037EF28F72D75005E5B57 /* SignedInView.swift */ = {isa = PBXFileReference; fileEncoding = 4; lastKnownFileType = sourcecode.swift; path = SignedInView.swift; sourceTree = "<group>"; };
		DC1604B32911C74500FB71EF /* SwimmerCoachView2.swift */ = {isa = PBXFileReference; fileEncoding = 4; lastKnownFileType = sourcecode.swift; path = SwimmerCoachView2.swift; sourceTree = "<group>"; };
		DC3C887E28F3558E0065CBD6 /* SwimmerMainView.swift */ = {isa = PBXFileReference; lastKnownFileType = sourcecode.swift; path = SwimmerMainView.swift; sourceTree = "<group>"; };
		DC3C888028F35B200065CBD6 /* SwimmerMessagesView.swift */ = {isa = PBXFileReference; lastKnownFileType = sourcecode.swift; path = SwimmerMessagesView.swift; sourceTree = "<group>"; };
		DC3C888328F426250065CBD6 /* Message.swift */ = {isa = PBXFileReference; lastKnownFileType = sourcecode.swift; path = Message.swift; sourceTree = "<group>"; };
		DC3C888528F426890065CBD6 /* MessageView.swift */ = {isa = PBXFileReference; lastKnownFileType = sourcecode.swift; path = MessageView.swift; sourceTree = "<group>"; };
		DC3C888728F42BAE0065CBD6 /* Profile.swift */ = {isa = PBXFileReference; lastKnownFileType = sourcecode.swift; path = Profile.swift; sourceTree = "<group>"; };
		DC3C888928F449140065CBD6 /* CoachMainView.swift */ = {isa = PBXFileReference; fileEncoding = 4; lastKnownFileType = sourcecode.swift; path = CoachMainView.swift; sourceTree = "<group>"; };
		DC3C888B28F455970065CBD6 /* SettingsView.swift */ = {isa = PBXFileReference; lastKnownFileType = sourcecode.swift; path = SettingsView.swift; sourceTree = "<group>"; };
		DC3C888F28F4A38D0065CBD6 /* MenuLabel.swift */ = {isa = PBXFileReference; lastKnownFileType = sourcecode.swift; path = MenuLabel.swift; sourceTree = "<group>"; };
		DC3C889128F4AA2B0065CBD6 /* ViewModifiers.swift */ = {isa = PBXFileReference; lastKnownFileType = sourcecode.swift; path = ViewModifiers.swift; sourceTree = "<group>"; };
		DC3C889828F4AFED0065CBD6 /* EditMessageView.swift */ = {isa = PBXFileReference; lastKnownFileType = sourcecode.swift; path = EditMessageView.swift; sourceTree = "<group>"; };
		DC3C889A28F4C4F50065CBD6 /* WorkoutView.swift */ = {isa = PBXFileReference; fileEncoding = 4; lastKnownFileType = sourcecode.swift; path = WorkoutView.swift; sourceTree = "<group>"; };
		DC3C889C28F4C5830065CBD6 /* Workout.swift */ = {isa = PBXFileReference; fileEncoding = 4; lastKnownFileType = sourcecode.swift; path = Workout.swift; sourceTree = "<group>"; };
		DC3C889E28F4D4040065CBD6 /* SwimmerWorkoutsView.swift */ = {isa = PBXFileReference; fileEncoding = 4; lastKnownFileType = sourcecode.swift; path = SwimmerWorkoutsView.swift; sourceTree = "<group>"; };
		DC3C88A028F4DFCF0065CBD6 /* CoachWorkoutsView.swift */ = {isa = PBXFileReference; fileEncoding = 4; lastKnownFileType = sourcecode.swift; path = CoachWorkoutsView.swift; sourceTree = "<group>"; };
		DC3C88A228F4E1430065CBD6 /* EditWorkoutView.swift */ = {isa = PBXFileReference; fileEncoding = 4; lastKnownFileType = sourcecode.swift; path = EditWorkoutView.swift; sourceTree = "<group>"; };
		DC3C88A428F4E8EA0065CBD6 /* CoachTeamView.swift */ = {isa = PBXFileReference; lastKnownFileType = sourcecode.swift; path = CoachTeamView.swift; sourceTree = "<group>"; };
		DC3C88A628F4F4A70065CBD6 /* SwimmerCoachView.swift */ = {isa = PBXFileReference; fileEncoding = 4; lastKnownFileType = sourcecode.swift; path = SwimmerCoachView.swift; sourceTree = "<group>"; };
		DC3E998E28FF42C3008E274C /* FirebaseImageStorageAPI.swift */ = {isa = PBXFileReference; lastKnownFileType = sourcecode.swift; path = FirebaseImageStorageAPI.swift; sourceTree = "<group>"; };
		DC3E999229001F7E008E274C /* User.swift */ = {isa = PBXFileReference; fileEncoding = 4; lastKnownFileType = sourcecode.swift; path = User.swift; sourceTree = "<group>"; };
		DC3E99982902C95B008E274C /* FirebaseAccountManager.swift */ = {isa = PBXFileReference; lastKnownFileType = sourcecode.swift; path = FirebaseAccountManager.swift; sourceTree = "<group>"; };
		DC6CCE2B290AB4A500DB8427 /* ViewLoader.swift */ = {isa = PBXFileReference; lastKnownFileType = sourcecode.swift; path = ViewLoader.swift; sourceTree = "<group>"; };
		DC6CCE2F290E8CD800DB8427 /* FirestoreCoachCollectionAPI.swift */ = {isa = PBXFileReference; lastKnownFileType = sourcecode.swift; path = FirestoreCoachCollectionAPI.swift; sourceTree = "<group>"; };
		DC6CCE31290FC4FF00DB8427 /* API.swift */ = {isa = PBXFileReference; lastKnownFileType = sourcecode.swift; path = API.swift; sourceTree = "<group>"; };
		DC6CCE332910841B00DB8427 /* FirestoreProfileAPI.swift */ = {isa = PBXFileReference; fileEncoding = 4; lastKnownFileType = sourcecode.swift; path = FirestoreProfileAPI.swift; sourceTree = "<group>"; };
		DC7912E0291BD3140077B403 /* Helpers.swift */ = {isa = PBXFileReference; lastKnownFileType = sourcecode.swift; path = Helpers.swift; sourceTree = "<group>"; };
		DC863A502920531900934B62 /* CombineExtension.swift */ = {isa = PBXFileReference; lastKnownFileType = sourcecode.swift; path = CombineExtension.swift; sourceTree = "<group>"; };
		DC88597C28E269E20032E0FB /* Swimmee.app */ = {isa = PBXFileReference; explicitFileType = wrapper.application; includeInIndex = 0; path = Swimmee.app; sourceTree = BUILT_PRODUCTS_DIR; };
		DC88597F28E269E20032E0FB /* SwimmeeApp.swift */ = {isa = PBXFileReference; lastKnownFileType = sourcecode.swift; path = SwimmeeApp.swift; sourceTree = "<group>"; };
		DC88598328E269E20032E0FB /* Assets.xcassets */ = {isa = PBXFileReference; lastKnownFileType = folder.assetcatalog; path = Assets.xcassets; sourceTree = "<group>"; };
		DC88598628E269E20032E0FB /* Preview Assets.xcassets */ = {isa = PBXFileReference; lastKnownFileType = folder.assetcatalog; path = "Preview Assets.xcassets"; sourceTree = "<group>"; };
		DC88598C28E269E20032E0FB /* SwimmeeTests.xctest */ = {isa = PBXFileReference; explicitFileType = wrapper.cfbundle; includeInIndex = 0; path = SwimmeeTests.xctest; sourceTree = BUILT_PRODUCTS_DIR; };
		DC88599028E269E20032E0FB /* SwimmeeTests.swift */ = {isa = PBXFileReference; lastKnownFileType = sourcecode.swift; path = SwimmeeTests.swift; sourceTree = "<group>"; };
		DC88599628E269E20032E0FB /* SwimmeeUITests.xctest */ = {isa = PBXFileReference; explicitFileType = wrapper.cfbundle; includeInIndex = 0; path = SwimmeeUITests.xctest; sourceTree = BUILT_PRODUCTS_DIR; };
		DC88599A28E269E20032E0FB /* SwimmeeUITests.swift */ = {isa = PBXFileReference; lastKnownFileType = sourcecode.swift; path = SwimmeeUITests.swift; sourceTree = "<group>"; };
		DC88599C28E269E20032E0FB /* SwimmeeUITestsLaunchTests.swift */ = {isa = PBXFileReference; lastKnownFileType = sourcecode.swift; path = SwimmeeUITestsLaunchTests.swift; sourceTree = "<group>"; };
		DC8859A928E26F2B0032E0FB /* SignInView.swift */ = {isa = PBXFileReference; lastKnownFileType = sourcecode.swift; path = SignInView.swift; sourceTree = "<group>"; };
		DC8859AB28E26FE00032E0FB /* ProfileView.swift */ = {isa = PBXFileReference; lastKnownFileType = sourcecode.swift; path = ProfileView.swift; sourceTree = "<group>"; };
		DC9A434E2921950100485B1F /* FirestoreExtension.swift */ = {isa = PBXFileReference; lastKnownFileType = sourcecode.swift; path = FirestoreExtension.swift; sourceTree = "<group>"; };
		DC9A435A2922880B00485B1F /* CoachMessagesView.swift */ = {isa = PBXFileReference; fileEncoding = 4; lastKnownFileType = sourcecode.swift; path = CoachMessagesView.swift; sourceTree = "<group>"; };
		DC9A435C292394A800485B1F /* LoadingView.swift */ = {isa = PBXFileReference; lastKnownFileType = sourcecode.swift; path = LoadingView.swift; sourceTree = "<group>"; };
		DCA62DF628EF64E200F87C9B /* MainView.swift */ = {isa = PBXFileReference; lastKnownFileType = sourcecode.swift; path = MainView.swift; sourceTree = "<group>"; };
		DCA62DF828F00E0900F87C9B /* SignUpView.swift */ = {isa = PBXFileReference; lastKnownFileType = sourcecode.swift; path = SignUpView.swift; sourceTree = "<group>"; };
		DCA62DFA28F00EDB00F87C9B /* AppTitleView.swift */ = {isa = PBXFileReference; lastKnownFileType = sourcecode.swift; path = AppTitleView.swift; sourceTree = "<group>"; };
		DCAEA8F82919AF0000F936E7 /* SessionTests.swift */ = {isa = PBXFileReference; lastKnownFileType = sourcecode.swift; path = SessionTests.swift; sourceTree = "<group>"; };
		DCAEA8FB291AAB9C00F936E7 /* ConnectionService.swift */ = {isa = PBXFileReference; lastKnownFileType = sourcecode.swift; path = ConnectionService.swift; sourceTree = "<group>"; };
		DCBAD89029246B8800376A3E /* TextEditorWithPlaceholder.swift */ = {isa = PBXFileReference; lastKnownFileType = sourcecode.swift; path = TextEditorWithPlaceholder.swift; sourceTree = "<group>"; };
		DCDBE7E62915D77A00386076 /* AlertManager.swift */ = {isa = PBXFileReference; lastKnownFileType = sourcecode.swift; path = AlertManager.swift; sourceTree = "<group>"; };
		DCF3238F28FC88360030626C /* GoogleService-Info.plist */ = {isa = PBXFileReference; fileEncoding = 4; lastKnownFileType = text.plist.xml; path = "GoogleService-Info.plist"; sourceTree = "<group>"; };
		DCF3239128FC8C060030626C /* FirebaseAuthAPI.swift */ = {isa = PBXFileReference; lastKnownFileType = sourcecode.swift; path = FirebaseAuthAPI.swift; sourceTree = "<group>"; };
		DCFBCF4B2906D5F900F0BF35 /* DebugHelpers.swift */ = {isa = PBXFileReference; lastKnownFileType = sourcecode.swift; path = DebugHelpers.swift; sourceTree = "<group>"; };
		DCFBCF4D29074B1900F0BF35 /* FormHelpers.swift */ = {isa = PBXFileReference; lastKnownFileType = sourcecode.swift; path = FormHelpers.swift; sourceTree = "<group>"; };
		DCFBCF4F29074B7D00F0BF35 /* AuthenticationView.swift */ = {isa = PBXFileReference; fileEncoding = 4; lastKnownFileType = sourcecode.swift; path = AuthenticationView.swift; sourceTree = "<group>"; };
		DCFBCF512908B1DE00F0BF35 /* ImagePicker.swift */ = {isa = PBXFileReference; lastKnownFileType = sourcecode.swift; path = ImagePicker.swift; sourceTree = "<group>"; };
/* End PBXFileReference section */

/* Begin PBXFrameworksBuildPhase section */
		DC88597928E269E20032E0FB /* Frameworks */ = {
			isa = PBXFrameworksBuildPhase;
			buildActionMask = 2147483647;
			files = (
				DCF3238628FB37180030626C /* FirebaseFirestoreSwift in Frameworks */,
				DCF3238A28FB37180030626C /* FirebaseStorageCombine-Community in Frameworks */,
				DCF3237E28FB37180030626C /* FirebaseAuth in Frameworks */,
				DCF3238428FB37180030626C /* FirebaseFirestoreCombine-Community in Frameworks */,
				DCF3238028FB37180030626C /* FirebaseAuthCombine-Community in Frameworks */,
				DCF3238228FB37180030626C /* FirebaseFirestore in Frameworks */,
				DCF3238828FB37180030626C /* FirebaseStorage in Frameworks */,
			);
			runOnlyForDeploymentPostprocessing = 0;
		};
		DC88598928E269E20032E0FB /* Frameworks */ = {
			isa = PBXFrameworksBuildPhase;
			buildActionMask = 2147483647;
			files = (
			);
			runOnlyForDeploymentPostprocessing = 0;
		};
		DC88599328E269E20032E0FB /* Frameworks */ = {
			isa = PBXFrameworksBuildPhase;
			buildActionMask = 2147483647;
			files = (
			);
			runOnlyForDeploymentPostprocessing = 0;
		};
/* End PBXFrameworksBuildPhase section */

/* Begin PBXGroup section */
		DC3C888228F424640065CBD6 /* Model */ = {
			isa = PBXGroup;
			children = (
				DC3E999229001F7E008E274C /* User.swift */,
				DC3C888728F42BAE0065CBD6 /* Profile.swift */,
				DC3C888328F426250065CBD6 /* Message.swift */,
				DC3C889C28F4C5830065CBD6 /* Workout.swift */,
			);
			path = Model;
			sourceTree = "<group>";
		};
		DC3C888D28F47C210065CBD6 /* Start */ = {
			isa = PBXGroup;
			children = (
				DC88597F28E269E20032E0FB /* SwimmeeApp.swift */,
				DCA62DF628EF64E200F87C9B /* MainView.swift */,
				DCA62DF828F00E0900F87C9B /* SignUpView.swift */,
				DC8859A928E26F2B0032E0FB /* SignInView.swift */,
				DC1037EF28F72D75005E5B57 /* SignedInView.swift */,
				DCFBCF4F29074B7D00F0BF35 /* AuthenticationView.swift */,
			);
			path = Start;
			sourceTree = "<group>";
		};
		DC3C888E28F47C7D0065CBD6 /* Helper */ = {
			isa = PBXGroup;
			children = (
				DCA62DFA28F00EDB00F87C9B /* AppTitleView.swift */,
				DC3C888F28F4A38D0065CBD6 /* MenuLabel.swift */,
				DC3C889128F4AA2B0065CBD6 /* ViewModifiers.swift */,
				DCFBCF4B2906D5F900F0BF35 /* DebugHelpers.swift */,
				DCFBCF4D29074B1900F0BF35 /* FormHelpers.swift */,
				DCFBCF512908B1DE00F0BF35 /* ImagePicker.swift */,
				DC6CCE2B290AB4A500DB8427 /* ViewLoader.swift */,
				DCDBE7E62915D77A00386076 /* AlertManager.swift */,
				DC863A502920531900934B62 /* CombineExtension.swift */,
			);
			path = Helper;
			sourceTree = "<group>";
		};
		DC3C889328F4ACF80065CBD6 /* Common */ = {
			isa = PBXGroup;
			children = (
				DC8859AB28E26FE00032E0FB /* ProfileView.swift */,
				DC3C888B28F455970065CBD6 /* SettingsView.swift */,
				DC3C889A28F4C4F50065CBD6 /* WorkoutView.swift */,
				DC3C888528F426890065CBD6 /* MessageView.swift */,
				DC9A435C292394A800485B1F /* LoadingView.swift */,
			);
			path = Common;
			sourceTree = "<group>";
		};
		DC3C889428F4AD370065CBD6 /* Swimmer */ = {
			isa = PBXGroup;
			children = (
				DC3C887E28F3558E0065CBD6 /* SwimmerMainView.swift */,
				DC3C888028F35B200065CBD6 /* SwimmerMessagesView.swift */,
				DC3C889E28F4D4040065CBD6 /* SwimmerWorkoutsView.swift */,
				DC3C88A628F4F4A70065CBD6 /* SwimmerCoachView.swift */,
				DC1604B32911C74500FB71EF /* SwimmerCoachView2.swift */,
			);
			path = Swimmer;
			sourceTree = "<group>";
		};
		DC3C889728F4AD9C0065CBD6 /* Coach */ = {
			isa = PBXGroup;
			children = (
				DC3C888928F449140065CBD6 /* CoachMainView.swift */,
				DC9A435A2922880B00485B1F /* CoachMessagesView.swift */,
				DC3C889828F4AFED0065CBD6 /* EditMessageView.swift */,
				DC3C88A028F4DFCF0065CBD6 /* CoachWorkoutsView.swift */,
				DC3C88A228F4E1430065CBD6 /* EditWorkoutView.swift */,
				DC3C88A428F4E8EA0065CBD6 /* CoachTeamView.swift */,
			);
			path = Coach;
			sourceTree = "<group>";
		};
		DC88597328E269E10032E0FB = {
			isa = PBXGroup;
			children = (
				DC88597E28E269E20032E0FB /* Swimmee */,
				DC88598F28E269E20032E0FB /* SwimmeeTests */,
				DC88599928E269E20032E0FB /* SwimmeeUITests */,
				DC88597D28E269E20032E0FB /* Products */,
			);
			sourceTree = "<group>";
		};
		DC88597D28E269E20032E0FB /* Products */ = {
			isa = PBXGroup;
			children = (
				DC88597C28E269E20032E0FB /* Swimmee.app */,
				DC88598C28E269E20032E0FB /* SwimmeeTests.xctest */,
				DC88599628E269E20032E0FB /* SwimmeeUITests.xctest */,
			);
			name = Products;
			sourceTree = "<group>";
		};
		DC88597E28E269E20032E0FB /* Swimmee */ = {
			isa = PBXGroup;
			children = (
				DCF3238F28FC88360030626C /* GoogleService-Info.plist */,
				DC88598328E269E20032E0FB /* Assets.xcassets */,
				DC88598528E269E20032E0FB /* Preview Content */,
				DCF3238E28FB5BCE0030626C /* API */,
				DCAEA8FA291AAA7C00F936E7 /* Service */,
				DC3C888228F424640065CBD6 /* Model */,
				DC3C888E28F47C7D0065CBD6 /* Helper */,
				DCBAD88F29246B0800376A3E /* Component */,
				DC3C888D28F47C210065CBD6 /* Start */,
				DC3C889328F4ACF80065CBD6 /* Common */,
				DC3C889728F4AD9C0065CBD6 /* Coach */,
				DC3C889428F4AD370065CBD6 /* Swimmer */,
			);
			path = Swimmee;
			sourceTree = "<group>";
		};
		DC88598528E269E20032E0FB /* Preview Content */ = {
			isa = PBXGroup;
			children = (
				DC88598628E269E20032E0FB /* Preview Assets.xcassets */,
			);
			path = "Preview Content";
			sourceTree = "<group>";
		};
		DC88598F28E269E20032E0FB /* SwimmeeTests */ = {
			isa = PBXGroup;
			children = (
				DC7912E0291BD3140077B403 /* Helpers.swift */,
				DC88599028E269E20032E0FB /* SwimmeeTests.swift */,
				DCAEA8F82919AF0000F936E7 /* SessionTests.swift */,
			);
			path = SwimmeeTests;
			sourceTree = "<group>";
		};
		DC88599928E269E20032E0FB /* SwimmeeUITests */ = {
			isa = PBXGroup;
			children = (
				DC88599A28E269E20032E0FB /* SwimmeeUITests.swift */,
				DC88599C28E269E20032E0FB /* SwimmeeUITestsLaunchTests.swift */,
			);
			path = SwimmeeUITests;
			sourceTree = "<group>";
		};
		DCAEA8FA291AAA7C00F936E7 /* Service */ = {
			isa = PBXGroup;
			children = (
				DC3E99982902C95B008E274C /* FirebaseAccountManager.swift */,
				DCAEA8FB291AAB9C00F936E7 /* ConnectionService.swift */,
			);
			path = Service;
			sourceTree = "<group>";
		};
		DCBAD88F29246B0800376A3E /* Component */ = {
			isa = PBXGroup;
			children = (
				DCBAD89029246B8800376A3E /* TextEditorWithPlaceholder.swift */,
			);
			path = Component;
			sourceTree = "<group>";
		};
		DCDBE7E8291844F600386076 /* Protocol */ = {
			isa = PBXGroup;
			children = (
			);
			path = Protocol;
			sourceTree = "<group>";
		};
		DCF3238E28FB5BCE0030626C /* API */ = {
			isa = PBXGroup;
			children = (
				DCDBE7E8291844F600386076 /* Protocol */,
				DCF3239128FC8C060030626C /* FirebaseAuthAPI.swift */,
				DC3E998E28FF42C3008E274C /* FirebaseImageStorageAPI.swift */,
				DC6CCE332910841B00DB8427 /* FirestoreProfileAPI.swift */,
				DC6CCE2F290E8CD800DB8427 /* FirestoreCoachCollectionAPI.swift */,
				DC6CCE31290FC4FF00DB8427 /* API.swift */,
				DC9A434E2921950100485B1F /* FirestoreExtension.swift */,
			);
			path = API;
			sourceTree = "<group>";
		};
/* End PBXGroup section */

/* Begin PBXNativeTarget section */
		DC88597B28E269E20032E0FB /* Swimmee */ = {
			isa = PBXNativeTarget;
			buildConfigurationList = DC8859A028E269E20032E0FB /* Build configuration list for PBXNativeTarget "Swimmee" */;
			buildPhases = (
				DC88597828E269E20032E0FB /* Sources */,
				DC88597928E269E20032E0FB /* Frameworks */,
				DC88597A28E269E20032E0FB /* Resources */,
			);
			buildRules = (
			);
			dependencies = (
			);
			name = Swimmee;
			packageProductDependencies = (
				DCF3237D28FB37180030626C /* FirebaseAuth */,
				DCF3237F28FB37180030626C /* FirebaseAuthCombine-Community */,
				DCF3238128FB37180030626C /* FirebaseFirestore */,
				DCF3238328FB37180030626C /* FirebaseFirestoreCombine-Community */,
				DCF3238528FB37180030626C /* FirebaseFirestoreSwift */,
				DCF3238728FB37180030626C /* FirebaseStorage */,
				DCF3238928FB37180030626C /* FirebaseStorageCombine-Community */,
			);
			productName = Swimmee;
			productReference = DC88597C28E269E20032E0FB /* Swimmee.app */;
			productType = "com.apple.product-type.application";
		};
		DC88598B28E269E20032E0FB /* SwimmeeTests */ = {
			isa = PBXNativeTarget;
			buildConfigurationList = DC8859A328E269E20032E0FB /* Build configuration list for PBXNativeTarget "SwimmeeTests" */;
			buildPhases = (
				DC88598828E269E20032E0FB /* Sources */,
				DC88598928E269E20032E0FB /* Frameworks */,
				DC88598A28E269E20032E0FB /* Resources */,
			);
			buildRules = (
			);
			dependencies = (
				DC88598E28E269E20032E0FB /* PBXTargetDependency */,
			);
			name = SwimmeeTests;
			productName = SwimmeeTests;
			productReference = DC88598C28E269E20032E0FB /* SwimmeeTests.xctest */;
			productType = "com.apple.product-type.bundle.unit-test";
		};
		DC88599528E269E20032E0FB /* SwimmeeUITests */ = {
			isa = PBXNativeTarget;
			buildConfigurationList = DC8859A628E269E20032E0FB /* Build configuration list for PBXNativeTarget "SwimmeeUITests" */;
			buildPhases = (
				DC88599228E269E20032E0FB /* Sources */,
				DC88599328E269E20032E0FB /* Frameworks */,
				DC88599428E269E20032E0FB /* Resources */,
			);
			buildRules = (
			);
			dependencies = (
				DC88599828E269E20032E0FB /* PBXTargetDependency */,
			);
			name = SwimmeeUITests;
			productName = SwimmeeUITests;
			productReference = DC88599628E269E20032E0FB /* SwimmeeUITests.xctest */;
			productType = "com.apple.product-type.bundle.ui-testing";
		};
/* End PBXNativeTarget section */

/* Begin PBXProject section */
		DC88597428E269E10032E0FB /* Project object */ = {
			isa = PBXProject;
			attributes = {
				BuildIndependentTargetsInParallel = 1;
				LastSwiftUpdateCheck = 1400;
				LastUpgradeCheck = 1400;
				TargetAttributes = {
					DC88597B28E269E20032E0FB = {
						CreatedOnToolsVersion = 14.0.1;
					};
					DC88598B28E269E20032E0FB = {
						CreatedOnToolsVersion = 14.0.1;
						TestTargetID = DC88597B28E269E20032E0FB;
					};
					DC88599528E269E20032E0FB = {
						CreatedOnToolsVersion = 14.0.1;
						TestTargetID = DC88597B28E269E20032E0FB;
					};
				};
			};
			buildConfigurationList = DC88597728E269E10032E0FB /* Build configuration list for PBXProject "Swimmee" */;
			compatibilityVersion = "Xcode 13.0";
			developmentRegion = en;
			hasScannedForEncodings = 0;
			knownRegions = (
				en,
				Base,
			);
			mainGroup = DC88597328E269E10032E0FB;
			packageReferences = (
				DCF3237C28FB37180030626C /* XCRemoteSwiftPackageReference "firebase-ios-sdk" */,
			);
			productRefGroup = DC88597D28E269E20032E0FB /* Products */;
			projectDirPath = "";
			projectRoot = "";
			targets = (
				DC88597B28E269E20032E0FB /* Swimmee */,
				DC88598B28E269E20032E0FB /* SwimmeeTests */,
				DC88599528E269E20032E0FB /* SwimmeeUITests */,
			);
		};
/* End PBXProject section */

/* Begin PBXResourcesBuildPhase section */
		DC88597A28E269E20032E0FB /* Resources */ = {
			isa = PBXResourcesBuildPhase;
			buildActionMask = 2147483647;
			files = (
				DC88598728E269E20032E0FB /* Preview Assets.xcassets in Resources */,
				DC88598428E269E20032E0FB /* Assets.xcassets in Resources */,
				DCF3239028FC88360030626C /* GoogleService-Info.plist in Resources */,
			);
			runOnlyForDeploymentPostprocessing = 0;
		};
		DC88598A28E269E20032E0FB /* Resources */ = {
			isa = PBXResourcesBuildPhase;
			buildActionMask = 2147483647;
			files = (
			);
			runOnlyForDeploymentPostprocessing = 0;
		};
		DC88599428E269E20032E0FB /* Resources */ = {
			isa = PBXResourcesBuildPhase;
			buildActionMask = 2147483647;
			files = (
			);
			runOnlyForDeploymentPostprocessing = 0;
		};
/* End PBXResourcesBuildPhase section */

/* Begin PBXSourcesBuildPhase section */
		DC88597828E269E20032E0FB /* Sources */ = {
			isa = PBXSourcesBuildPhase;
			buildActionMask = 2147483647;
			files = (
				DC8859AC28E26FE00032E0FB /* ProfileView.swift in Sources */,
				DC3C88A128F4DFCF0065CBD6 /* CoachWorkoutsView.swift in Sources */,
				DCA62DF728EF64E200F87C9B /* MainView.swift in Sources */,
				DC8859AA28E26F2B0032E0FB /* SignInView.swift in Sources */,
				DC3C888828F42BAE0065CBD6 /* Profile.swift in Sources */,
				DCBAD89129246B8800376A3E /* TextEditorWithPlaceholder.swift in Sources */,
				DCA62DFB28F00EDB00F87C9B /* AppTitleView.swift in Sources */,
				DCFBCF522908B1DE00F0BF35 /* ImagePicker.swift in Sources */,
				DCA62DF928F00E0900F87C9B /* SignUpView.swift in Sources */,
				DC6CCE32290FC4FF00DB8427 /* API.swift in Sources */,
				DC3C888628F426890065CBD6 /* MessageView.swift in Sources */,
				DC3C889B28F4C4F50065CBD6 /* WorkoutView.swift in Sources */,
				DC6CCE2C290AB4A500DB8427 /* ViewLoader.swift in Sources */,
				DC3C88A728F4F4A70065CBD6 /* SwimmerCoachView.swift in Sources */,
				DC3C888A28F449140065CBD6 /* CoachMainView.swift in Sources */,
				DC3C888C28F455970065CBD6 /* SettingsView.swift in Sources */,
				DCFBCF5029074B7D00F0BF35 /* AuthenticationView.swift in Sources */,
				DC3C889F28F4D4040065CBD6 /* SwimmerWorkoutsView.swift in Sources */,
				DC863A512920531900934B62 /* CombineExtension.swift in Sources */,
				DC3C888128F35B200065CBD6 /* SwimmerMessagesView.swift in Sources */,
				DC9A435D292394A800485B1F /* LoadingView.swift in Sources */,
				DC3E99992902C95B008E274C /* FirebaseAccountManager.swift in Sources */,
				DC3C88A328F4E1430065CBD6 /* EditWorkoutView.swift in Sources */,
				DC6CCE30290E8CD800DB8427 /* FirestoreCoachCollectionAPI.swift in Sources */,
				DCFBCF4E29074B1900F0BF35 /* FormHelpers.swift in Sources */,
				DC3C889228F4AA2B0065CBD6 /* ViewModifiers.swift in Sources */,
				DC88598028E269E20032E0FB /* SwimmeeApp.swift in Sources */,
				DC1604B42911C74500FB71EF /* SwimmerCoachView2.swift in Sources */,
				DC3E998F28FF42C3008E274C /* FirebaseImageStorageAPI.swift in Sources */,
				DC3C888428F426250065CBD6 /* Message.swift in Sources */,
				DC3E999329001F7E008E274C /* User.swift in Sources */,
				DC9A434F2921950100485B1F /* FirestoreExtension.swift in Sources */,
				DC3C88A528F4E8EA0065CBD6 /* CoachTeamView.swift in Sources */,
				DC9A435B2922880B00485B1F /* CoachMessagesView.swift in Sources */,
				DC3C889D28F4C5830065CBD6 /* Workout.swift in Sources */,
				DC1037F028F72D75005E5B57 /* SignedInView.swift in Sources */,
				DCDBE7E72915D77A00386076 /* AlertManager.swift in Sources */,
				DC3C887F28F3558E0065CBD6 /* SwimmerMainView.swift in Sources */,
				DCFBCF4C2906D5F900F0BF35 /* DebugHelpers.swift in Sources */,
				DCF3239228FC8C060030626C /* FirebaseAuthAPI.swift in Sources */,
				DC3C889928F4AFED0065CBD6 /* EditMessageView.swift in Sources */,
				DC3C889028F4A38D0065CBD6 /* MenuLabel.swift in Sources */,
				DCAEA8FC291AAB9C00F936E7 /* ConnectionService.swift in Sources */,
				DC6CCE342910841B00DB8427 /* FirestoreProfileAPI.swift in Sources */,
			);
			runOnlyForDeploymentPostprocessing = 0;
		};
		DC88598828E269E20032E0FB /* Sources */ = {
			isa = PBXSourcesBuildPhase;
			buildActionMask = 2147483647;
			files = (
				DCAEA8F92919AF0000F936E7 /* SessionTests.swift in Sources */,
				DC7912E1291BD3140077B403 /* Helpers.swift in Sources */,
				DC88599128E269E20032E0FB /* SwimmeeTests.swift in Sources */,
			);
			runOnlyForDeploymentPostprocessing = 0;
		};
		DC88599228E269E20032E0FB /* Sources */ = {
			isa = PBXSourcesBuildPhase;
			buildActionMask = 2147483647;
			files = (
				DC88599D28E269E20032E0FB /* SwimmeeUITestsLaunchTests.swift in Sources */,
				DC88599B28E269E20032E0FB /* SwimmeeUITests.swift in Sources */,
			);
			runOnlyForDeploymentPostprocessing = 0;
		};
/* End PBXSourcesBuildPhase section */

/* Begin PBXTargetDependency section */
		DC88598E28E269E20032E0FB /* PBXTargetDependency */ = {
			isa = PBXTargetDependency;
			target = DC88597B28E269E20032E0FB /* Swimmee */;
			targetProxy = DC88598D28E269E20032E0FB /* PBXContainerItemProxy */;
		};
		DC88599828E269E20032E0FB /* PBXTargetDependency */ = {
			isa = PBXTargetDependency;
			target = DC88597B28E269E20032E0FB /* Swimmee */;
			targetProxy = DC88599728E269E20032E0FB /* PBXContainerItemProxy */;
		};
/* End PBXTargetDependency section */

/* Begin XCBuildConfiguration section */
		DC88599E28E269E20032E0FB /* Debug */ = {
			isa = XCBuildConfiguration;
			buildSettings = {
				ALWAYS_SEARCH_USER_PATHS = NO;
				CLANG_ANALYZER_NONNULL = YES;
				CLANG_ANALYZER_NUMBER_OBJECT_CONVERSION = YES_AGGRESSIVE;
				CLANG_CXX_LANGUAGE_STANDARD = "gnu++20";
				CLANG_ENABLE_MODULES = YES;
				CLANG_ENABLE_OBJC_ARC = YES;
				CLANG_ENABLE_OBJC_WEAK = YES;
				CLANG_WARN_BLOCK_CAPTURE_AUTORELEASING = YES;
				CLANG_WARN_BOOL_CONVERSION = YES;
				CLANG_WARN_COMMA = YES;
				CLANG_WARN_CONSTANT_CONVERSION = YES;
				CLANG_WARN_DEPRECATED_OBJC_IMPLEMENTATIONS = YES;
				CLANG_WARN_DIRECT_OBJC_ISA_USAGE = YES_ERROR;
				CLANG_WARN_DOCUMENTATION_COMMENTS = YES;
				CLANG_WARN_EMPTY_BODY = YES;
				CLANG_WARN_ENUM_CONVERSION = YES;
				CLANG_WARN_INFINITE_RECURSION = YES;
				CLANG_WARN_INT_CONVERSION = YES;
				CLANG_WARN_NON_LITERAL_NULL_CONVERSION = YES;
				CLANG_WARN_OBJC_IMPLICIT_RETAIN_SELF = YES;
				CLANG_WARN_OBJC_LITERAL_CONVERSION = YES;
				CLANG_WARN_OBJC_ROOT_CLASS = YES_ERROR;
				CLANG_WARN_QUOTED_INCLUDE_IN_FRAMEWORK_HEADER = YES;
				CLANG_WARN_RANGE_LOOP_ANALYSIS = YES;
				CLANG_WARN_STRICT_PROTOTYPES = YES;
				CLANG_WARN_SUSPICIOUS_MOVE = YES;
				CLANG_WARN_UNGUARDED_AVAILABILITY = YES_AGGRESSIVE;
				CLANG_WARN_UNREACHABLE_CODE = YES;
				CLANG_WARN__DUPLICATE_METHOD_MATCH = YES;
				COPY_PHASE_STRIP = NO;
				DEBUG_INFORMATION_FORMAT = dwarf;
				ENABLE_STRICT_OBJC_MSGSEND = YES;
				ENABLE_TESTABILITY = YES;
				GCC_C_LANGUAGE_STANDARD = gnu11;
				GCC_DYNAMIC_NO_PIC = NO;
				GCC_NO_COMMON_BLOCKS = YES;
				GCC_OPTIMIZATION_LEVEL = 0;
				GCC_PREPROCESSOR_DEFINITIONS = (
					"DEBUG=1",
					"$(inherited)",
				);
				GCC_WARN_64_TO_32_BIT_CONVERSION = YES;
				GCC_WARN_ABOUT_RETURN_TYPE = YES_ERROR;
				GCC_WARN_UNDECLARED_SELECTOR = YES;
				GCC_WARN_UNINITIALIZED_AUTOS = YES_AGGRESSIVE;
				GCC_WARN_UNUSED_FUNCTION = YES;
				GCC_WARN_UNUSED_VARIABLE = YES;
				IPHONEOS_DEPLOYMENT_TARGET = 15.5;
				MTL_ENABLE_DEBUG_INFO = INCLUDE_SOURCE;
				MTL_FAST_MATH = YES;
				ONLY_ACTIVE_ARCH = YES;
				SDKROOT = iphoneos;
				SWIFT_ACTIVE_COMPILATION_CONDITIONS = DEBUG;
				SWIFT_OPTIMIZATION_LEVEL = "-Onone";
			};
			name = Debug;
		};
		DC88599F28E269E20032E0FB /* Release */ = {
			isa = XCBuildConfiguration;
			buildSettings = {
				ALWAYS_SEARCH_USER_PATHS = NO;
				CLANG_ANALYZER_NONNULL = YES;
				CLANG_ANALYZER_NUMBER_OBJECT_CONVERSION = YES_AGGRESSIVE;
				CLANG_CXX_LANGUAGE_STANDARD = "gnu++20";
				CLANG_ENABLE_MODULES = YES;
				CLANG_ENABLE_OBJC_ARC = YES;
				CLANG_ENABLE_OBJC_WEAK = YES;
				CLANG_WARN_BLOCK_CAPTURE_AUTORELEASING = YES;
				CLANG_WARN_BOOL_CONVERSION = YES;
				CLANG_WARN_COMMA = YES;
				CLANG_WARN_CONSTANT_CONVERSION = YES;
				CLANG_WARN_DEPRECATED_OBJC_IMPLEMENTATIONS = YES;
				CLANG_WARN_DIRECT_OBJC_ISA_USAGE = YES_ERROR;
				CLANG_WARN_DOCUMENTATION_COMMENTS = YES;
				CLANG_WARN_EMPTY_BODY = YES;
				CLANG_WARN_ENUM_CONVERSION = YES;
				CLANG_WARN_INFINITE_RECURSION = YES;
				CLANG_WARN_INT_CONVERSION = YES;
				CLANG_WARN_NON_LITERAL_NULL_CONVERSION = YES;
				CLANG_WARN_OBJC_IMPLICIT_RETAIN_SELF = YES;
				CLANG_WARN_OBJC_LITERAL_CONVERSION = YES;
				CLANG_WARN_OBJC_ROOT_CLASS = YES_ERROR;
				CLANG_WARN_QUOTED_INCLUDE_IN_FRAMEWORK_HEADER = YES;
				CLANG_WARN_RANGE_LOOP_ANALYSIS = YES;
				CLANG_WARN_STRICT_PROTOTYPES = YES;
				CLANG_WARN_SUSPICIOUS_MOVE = YES;
				CLANG_WARN_UNGUARDED_AVAILABILITY = YES_AGGRESSIVE;
				CLANG_WARN_UNREACHABLE_CODE = YES;
				CLANG_WARN__DUPLICATE_METHOD_MATCH = YES;
				COPY_PHASE_STRIP = NO;
				DEBUG_INFORMATION_FORMAT = "dwarf-with-dsym";
				ENABLE_NS_ASSERTIONS = NO;
				ENABLE_STRICT_OBJC_MSGSEND = YES;
				GCC_C_LANGUAGE_STANDARD = gnu11;
				GCC_NO_COMMON_BLOCKS = YES;
				GCC_WARN_64_TO_32_BIT_CONVERSION = YES;
				GCC_WARN_ABOUT_RETURN_TYPE = YES_ERROR;
				GCC_WARN_UNDECLARED_SELECTOR = YES;
				GCC_WARN_UNINITIALIZED_AUTOS = YES_AGGRESSIVE;
				GCC_WARN_UNUSED_FUNCTION = YES;
				GCC_WARN_UNUSED_VARIABLE = YES;
				IPHONEOS_DEPLOYMENT_TARGET = 15.5;
				MTL_ENABLE_DEBUG_INFO = NO;
				MTL_FAST_MATH = YES;
				SDKROOT = iphoneos;
				SWIFT_COMPILATION_MODE = wholemodule;
				SWIFT_OPTIMIZATION_LEVEL = "-O";
				VALIDATE_PRODUCT = YES;
			};
			name = Release;
		};
		DC8859A128E269E20032E0FB /* Debug */ = {
			isa = XCBuildConfiguration;
			buildSettings = {
				ASSETCATALOG_COMPILER_APPICON_NAME = AppIcon;
				ASSETCATALOG_COMPILER_GLOBAL_ACCENT_COLOR_NAME = AccentColor;
				CODE_SIGN_STYLE = Automatic;
				CURRENT_PROJECT_VERSION = 1;
				DEVELOPMENT_ASSET_PATHS = "\"Swimmee/Preview Content\"";
				DEVELOPMENT_TEAM = WX78P38A6L;
				ENABLE_PREVIEWS = YES;
				GENERATE_INFOPLIST_FILE = YES;
				INFOPLIST_KEY_NSCameraUsageDescription = "The camera will be used for the profile photo.";
				INFOPLIST_KEY_UIApplicationSceneManifest_Generation = YES;
				INFOPLIST_KEY_UIApplicationSupportsIndirectInputEvents = YES;
				INFOPLIST_KEY_UILaunchScreen_Generation = YES;
				INFOPLIST_KEY_UISupportedInterfaceOrientations_iPad = "UIInterfaceOrientationPortrait UIInterfaceOrientationPortraitUpsideDown UIInterfaceOrientationLandscapeLeft UIInterfaceOrientationLandscapeRight";
				INFOPLIST_KEY_UISupportedInterfaceOrientations_iPhone = "UIInterfaceOrientationPortrait UIInterfaceOrientationLandscapeLeft UIInterfaceOrientationLandscapeRight";
				IPHONEOS_DEPLOYMENT_TARGET = 15.5;
				LD_RUNPATH_SEARCH_PATHS = (
					"$(inherited)",
					"@executable_path/Frameworks",
				);
				MARKETING_VERSION = 1.0;
				PRODUCT_BUNDLE_IDENTIFIER = com.rodriced.Swimmee;
				PRODUCT_NAME = "$(TARGET_NAME)";
				SWIFT_EMIT_LOC_STRINGS = YES;
				SWIFT_VERSION = 5.0;
				TARGETED_DEVICE_FAMILY = "1,2";
			};
			name = Debug;
		};
		DC8859A228E269E20032E0FB /* Release */ = {
			isa = XCBuildConfiguration;
			buildSettings = {
				ASSETCATALOG_COMPILER_APPICON_NAME = AppIcon;
				ASSETCATALOG_COMPILER_GLOBAL_ACCENT_COLOR_NAME = AccentColor;
				CODE_SIGN_STYLE = Automatic;
				CURRENT_PROJECT_VERSION = 1;
				DEVELOPMENT_ASSET_PATHS = "\"Swimmee/Preview Content\"";
				DEVELOPMENT_TEAM = WX78P38A6L;
				ENABLE_PREVIEWS = YES;
				GENERATE_INFOPLIST_FILE = YES;
				INFOPLIST_KEY_NSCameraUsageDescription = "The camera will be used for the profile photo.";
				INFOPLIST_KEY_UIApplicationSceneManifest_Generation = YES;
				INFOPLIST_KEY_UIApplicationSupportsIndirectInputEvents = YES;
				INFOPLIST_KEY_UILaunchScreen_Generation = YES;
				INFOPLIST_KEY_UISupportedInterfaceOrientations_iPad = "UIInterfaceOrientationPortrait UIInterfaceOrientationPortraitUpsideDown UIInterfaceOrientationLandscapeLeft UIInterfaceOrientationLandscapeRight";
				INFOPLIST_KEY_UISupportedInterfaceOrientations_iPhone = "UIInterfaceOrientationPortrait UIInterfaceOrientationLandscapeLeft UIInterfaceOrientationLandscapeRight";
				IPHONEOS_DEPLOYMENT_TARGET = 15.5;
				LD_RUNPATH_SEARCH_PATHS = (
					"$(inherited)",
					"@executable_path/Frameworks",
				);
				MARKETING_VERSION = 1.0;
				PRODUCT_BUNDLE_IDENTIFIER = com.rodriced.Swimmee;
				PRODUCT_NAME = "$(TARGET_NAME)";
				SWIFT_EMIT_LOC_STRINGS = YES;
				SWIFT_VERSION = 5.0;
				TARGETED_DEVICE_FAMILY = "1,2";
			};
			name = Release;
		};
		DC8859A428E269E20032E0FB /* Debug */ = {
			isa = XCBuildConfiguration;
			buildSettings = {
				ALWAYS_EMBED_SWIFT_STANDARD_LIBRARIES = YES;
				BUNDLE_LOADER = "$(TEST_HOST)";
				CODE_SIGN_STYLE = Automatic;
				CURRENT_PROJECT_VERSION = 1;
				GENERATE_INFOPLIST_FILE = YES;
				IPHONEOS_DEPLOYMENT_TARGET = 15.5;
				MARKETING_VERSION = 1.0;
				OTHER_SWIFT_FLAGS = "";
				PRODUCT_BUNDLE_IDENTIFIER = com.rodriced.SwimmeeTests;
				PRODUCT_NAME = "$(TARGET_NAME)";
				SWIFT_EMIT_LOC_STRINGS = NO;
				SWIFT_VERSION = 5.0;
				TARGETED_DEVICE_FAMILY = "1,2";
				TEST_HOST = "$(BUILT_PRODUCTS_DIR)/Swimmee.app/Swimmee";
			};
			name = Debug;
		};
		DC8859A528E269E20032E0FB /* Release */ = {
			isa = XCBuildConfiguration;
			buildSettings = {
				ALWAYS_EMBED_SWIFT_STANDARD_LIBRARIES = YES;
				BUNDLE_LOADER = "$(TEST_HOST)";
				CODE_SIGN_STYLE = Automatic;
				CURRENT_PROJECT_VERSION = 1;
				GENERATE_INFOPLIST_FILE = YES;
				IPHONEOS_DEPLOYMENT_TARGET = 15.5;
				MARKETING_VERSION = 1.0;
				OTHER_SWIFT_FLAGS = "";
				PRODUCT_BUNDLE_IDENTIFIER = com.rodriced.SwimmeeTests;
				PRODUCT_NAME = "$(TARGET_NAME)";
				SWIFT_EMIT_LOC_STRINGS = NO;
				SWIFT_VERSION = 5.0;
				TARGETED_DEVICE_FAMILY = "1,2";
				TEST_HOST = "$(BUILT_PRODUCTS_DIR)/Swimmee.app/Swimmee";
			};
			name = Release;
		};
		DC8859A728E269E20032E0FB /* Debug */ = {
			isa = XCBuildConfiguration;
			buildSettings = {
				ALWAYS_EMBED_SWIFT_STANDARD_LIBRARIES = YES;
				CODE_SIGN_STYLE = Automatic;
				CURRENT_PROJECT_VERSION = 1;
				GENERATE_INFOPLIST_FILE = YES;
				MARKETING_VERSION = 1.0;
				PRODUCT_BUNDLE_IDENTIFIER = com.rodriced.SwimmeeUITests;
				PRODUCT_NAME = "$(TARGET_NAME)";
				SWIFT_EMIT_LOC_STRINGS = NO;
				SWIFT_VERSION = 5.0;
				TARGETED_DEVICE_FAMILY = "1,2";
				TEST_TARGET_NAME = Swimmee;
			};
			name = Debug;
		};
		DC8859A828E269E20032E0FB /* Release */ = {
			isa = XCBuildConfiguration;
			buildSettings = {
				ALWAYS_EMBED_SWIFT_STANDARD_LIBRARIES = YES;
				CODE_SIGN_STYLE = Automatic;
				CURRENT_PROJECT_VERSION = 1;
				GENERATE_INFOPLIST_FILE = YES;
				MARKETING_VERSION = 1.0;
				PRODUCT_BUNDLE_IDENTIFIER = com.rodriced.SwimmeeUITests;
				PRODUCT_NAME = "$(TARGET_NAME)";
				SWIFT_EMIT_LOC_STRINGS = NO;
				SWIFT_VERSION = 5.0;
				TARGETED_DEVICE_FAMILY = "1,2";
				TEST_TARGET_NAME = Swimmee;
			};
			name = Release;
		};
/* End XCBuildConfiguration section */

/* Begin XCConfigurationList section */
		DC88597728E269E10032E0FB /* Build configuration list for PBXProject "Swimmee" */ = {
			isa = XCConfigurationList;
			buildConfigurations = (
				DC88599E28E269E20032E0FB /* Debug */,
				DC88599F28E269E20032E0FB /* Release */,
			);
			defaultConfigurationIsVisible = 0;
			defaultConfigurationName = Release;
		};
		DC8859A028E269E20032E0FB /* Build configuration list for PBXNativeTarget "Swimmee" */ = {
			isa = XCConfigurationList;
			buildConfigurations = (
				DC8859A128E269E20032E0FB /* Debug */,
				DC8859A228E269E20032E0FB /* Release */,
			);
			defaultConfigurationIsVisible = 0;
			defaultConfigurationName = Release;
		};
		DC8859A328E269E20032E0FB /* Build configuration list for PBXNativeTarget "SwimmeeTests" */ = {
			isa = XCConfigurationList;
			buildConfigurations = (
				DC8859A428E269E20032E0FB /* Debug */,
				DC8859A528E269E20032E0FB /* Release */,
			);
			defaultConfigurationIsVisible = 0;
			defaultConfigurationName = Release;
		};
		DC8859A628E269E20032E0FB /* Build configuration list for PBXNativeTarget "SwimmeeUITests" */ = {
			isa = XCConfigurationList;
			buildConfigurations = (
				DC8859A728E269E20032E0FB /* Debug */,
				DC8859A828E269E20032E0FB /* Release */,
			);
			defaultConfigurationIsVisible = 0;
			defaultConfigurationName = Release;
		};
/* End XCConfigurationList section */

/* Begin XCRemoteSwiftPackageReference section */
		DCF3237C28FB37180030626C /* XCRemoteSwiftPackageReference "firebase-ios-sdk" */ = {
			isa = XCRemoteSwiftPackageReference;
			repositoryURL = "https://github.com/firebase/firebase-ios-sdk";
			requirement = {
				kind = upToNextMajorVersion;
				minimumVersion = 9.0.0;
			};
		};
/* End XCRemoteSwiftPackageReference section */

/* Begin XCSwiftPackageProductDependency section */
		DCF3237D28FB37180030626C /* FirebaseAuth */ = {
			isa = XCSwiftPackageProductDependency;
			package = DCF3237C28FB37180030626C /* XCRemoteSwiftPackageReference "firebase-ios-sdk" */;
			productName = FirebaseAuth;
		};
		DCF3237F28FB37180030626C /* FirebaseAuthCombine-Community */ = {
			isa = XCSwiftPackageProductDependency;
			package = DCF3237C28FB37180030626C /* XCRemoteSwiftPackageReference "firebase-ios-sdk" */;
			productName = "FirebaseAuthCombine-Community";
		};
		DCF3238128FB37180030626C /* FirebaseFirestore */ = {
			isa = XCSwiftPackageProductDependency;
			package = DCF3237C28FB37180030626C /* XCRemoteSwiftPackageReference "firebase-ios-sdk" */;
			productName = FirebaseFirestore;
		};
		DCF3238328FB37180030626C /* FirebaseFirestoreCombine-Community */ = {
			isa = XCSwiftPackageProductDependency;
			package = DCF3237C28FB37180030626C /* XCRemoteSwiftPackageReference "firebase-ios-sdk" */;
			productName = "FirebaseFirestoreCombine-Community";
		};
		DCF3238528FB37180030626C /* FirebaseFirestoreSwift */ = {
			isa = XCSwiftPackageProductDependency;
			package = DCF3237C28FB37180030626C /* XCRemoteSwiftPackageReference "firebase-ios-sdk" */;
			productName = FirebaseFirestoreSwift;
		};
		DCF3238728FB37180030626C /* FirebaseStorage */ = {
			isa = XCSwiftPackageProductDependency;
			package = DCF3237C28FB37180030626C /* XCRemoteSwiftPackageReference "firebase-ios-sdk" */;
			productName = FirebaseStorage;
		};
		DCF3238928FB37180030626C /* FirebaseStorageCombine-Community */ = {
			isa = XCSwiftPackageProductDependency;
			package = DCF3237C28FB37180030626C /* XCRemoteSwiftPackageReference "firebase-ios-sdk" */;
			productName = "FirebaseStorageCombine-Community";
		};
/* End XCSwiftPackageProductDependency section */
	};
	rootObject = DC88597428E269E10032E0FB /* Project object */;
}
