// !$*UTF8*$!
{
	archiveVersion = 1;
	classes = {
	};
	objectVersion = 56;
	objects = {

/* Begin PBXBuildFile section */
		DC88598028E269E20032E0FB /* SwimmeeApp.swift in Sources */ = {isa = PBXBuildFile; fileRef = DC88597F28E269E20032E0FB /* SwimmeeApp.swift */; };
		DC88598228E269E20032E0FB /* ContentView.swift in Sources */ = {isa = PBXBuildFile; fileRef = DC88598128E269E20032E0FB /* ContentView.swift */; };
		DC88598428E269E20032E0FB /* Assets.xcassets in Resources */ = {isa = PBXBuildFile; fileRef = DC88598328E269E20032E0FB /* Assets.xcassets */; };
		DC88598728E269E20032E0FB /* Preview Assets.xcassets in Resources */ = {isa = PBXBuildFile; fileRef = DC88598628E269E20032E0FB /* Preview Assets.xcassets */; };
		DC88599128E269E20032E0FB /* SwimmeeTests.swift in Sources */ = {isa = PBXBuildFile; fileRef = DC88599028E269E20032E0FB /* SwimmeeTests.swift */; };
		DC88599B28E269E20032E0FB /* SwimmeeUITests.swift in Sources */ = {isa = PBXBuildFile; fileRef = DC88599A28E269E20032E0FB /* SwimmeeUITests.swift */; };
		DC88599D28E269E20032E0FB /* SwimmeeUITestsLaunchTests.swift in Sources */ = {isa = PBXBuildFile; fileRef = DC88599C28E269E20032E0FB /* SwimmeeUITestsLaunchTests.swift */; };
/* End PBXBuildFile section */

/* Begin PBXContainerItemProxy section */
		DC88598D28E269E20032E0FB /* PBXContainerItemProxy */ = {
			isa = PBXContainerItemProxy;
			containerPortal = DC88597428E269E10032E0FB /* Project object */;
			proxyType = 1;
			remoteGlobalIDString = DC88597B28E269E20032E0FB;
			remoteInfo = Swimmee;
		};
		DC88599728E269E20032E0FB /* PBXContainerItemProxy */ = {
			isa = PBXContainerItemProxy;
			containerPortal = DC88597428E269E10032E0FB /* Project object */;
			proxyType = 1;
			remoteGlobalIDString = DC88597B28E269E20032E0FB;
			remoteInfo = Swimmee;
		};
/* End PBXContainerItemProxy section */

/* Begin PBXFileReference section */
		DC88597C28E269E20032E0FB /* Swimmee.app */ = {isa = PBXFileReference; explicitFileType = wrapper.application; includeInIndex = 0; path = Swimmee.app; sourceTree = BUILT_PRODUCTS_DIR; };
		DC88597F28E269E20032E0FB /* SwimmeeApp.swift */ = {isa = PBXFileReference; lastKnownFileType = sourcecode.swift; path = SwimmeeApp.swift; sourceTree = "<group>"; };
		DC88598128E269E20032E0FB /* ContentView.swift */ = {isa = PBXFileReference; lastKnownFileType = sourcecode.swift; path = ContentView.swift; sourceTree = "<group>"; };
		DC88598328E269E20032E0FB /* Assets.xcassets */ = {isa = PBXFileReference; lastKnownFileType = folder.assetcatalog; path = Assets.xcassets; sourceTree = "<group>"; };
		DC88598628E269E20032E0FB /* Preview Assets.xcassets */ = {isa = PBXFileReference; lastKnownFileType = folder.assetcatalog; path = "Preview Assets.xcassets"; sourceTree = "<group>"; };
		DC88598C28E269E20032E0FB /* SwimmeeTests.xctest */ = {isa = PBXFileReference; explicitFileType = wrapper.cfbundle; includeInIndex = 0; path = SwimmeeTests.xctest; sourceTree = BUILT_PRODUCTS_DIR; };
		DC88599028E269E20032E0FB /* SwimmeeTests.swift */ = {isa = PBXFileReference; lastKnownFileType = sourcecode.swift; path = SwimmeeTests.swift; sourceTree = "<group>"; };
		DC88599628E269E20032E0FB /* SwimmeeUITests.xctest */ = {isa = PBXFileReference; explicitFileType = wrapper.cfbundle; includeInIndex = 0; path = SwimmeeUITests.xctest; sourceTree = BUILT_PRODUCTS_DIR; };
		DC88599A28E269E20032E0FB /* SwimmeeUITests.swift */ = {isa = PBXFileReference; lastKnownFileType = sourcecode.swift; path = SwimmeeUITests.swift; sourceTree = "<group>"; };
		DC88599C28E269E20032E0FB /* SwimmeeUITestsLaunchTests.swift */ = {isa = PBXFileReference; lastKnownFileType = sourcecode.swift; path = SwimmeeUITestsLaunchTests.swift; sourceTree = "<group>"; };
/* End PBXFileReference section */

/* Begin PBXFrameworksBuildPhase section */
		DC88597928E269E20032E0FB /* Frameworks */ = {
			isa = PBXFrameworksBuildPhase;
			buildActionMask = 2147483647;
			files = (
			);
			runOnlyForDeploymentPostprocessing = 0;
		};
		DC88598928E269E20032E0FB /* Frameworks */ = {
			isa = PBXFrameworksBuildPhase;
			buildActionMask = 2147483647;
			files = (
			);
			runOnlyForDeploymentPostprocessing = 0;
		};
		DC88599328E269E20032E0FB /* Frameworks */ = {
			isa = PBXFrameworksBuildPhase;
			buildActionMask = 2147483647;
			files = (
			);
			runOnlyForDeploymentPostprocessing = 0;
		};
/* End PBXFrameworksBuildPhase section */

/* Begin PBXGroup section */
		DC88597328E269E10032E0FB = {
			isa = PBXGroup;
			children = (
				DC88597E28E269E20032E0FB /* Swimmee */,
				DC88598F28E269E20032E0FB /* SwimmeeTests */,
				DC88599928E269E20032E0FB /* SwimmeeUITests */,
				DC88597D28E269E20032E0FB /* Products */,
			);
			sourceTree = "<group>";
		};
		DC88597D28E269E20032E0FB /* Products */ = {
			isa = PBXGroup;
			children = (
				DC88597C28E269E20032E0FB /* Swimmee.app */,
				DC88598C28E269E20032E0FB /* SwimmeeTests.xctest */,
				DC88599628E269E20032E0FB /* SwimmeeUITests.xctest */,
			);
			name = Products;
			sourceTree = "<group>";
		};
		DC88597E28E269E20032E0FB /* Swimmee */ = {
			isa = PBXGroup;
			children = (
				DC88597F28E269E20032E0FB /* SwimmeeApp.swift */,
				DC88598128E269E20032E0FB /* ContentView.swift */,
				DC88598328E269E20032E0FB /* Assets.xcassets */,
				DC88598528E269E20032E0FB /* Preview Content */,
			);
			path = Swimmee;
			sourceTree = "<group>";
		};
		DC88598528E269E20032E0FB /* Preview Content */ = {
			isa = PBXGroup;
			children = (
				DC88598628E269E20032E0FB /* Preview Assets.xcassets */,
			);
			path = "Preview Content";
			sourceTree = "<group>";
		};
		DC88598F28E269E20032E0FB /* SwimmeeTests */ = {
			isa = PBXGroup;
			children = (
				DC88599028E269E20032E0FB /* SwimmeeTests.swift */,
			);
			path = SwimmeeTests;
			sourceTree = "<group>";
		};
		DC88599928E269E20032E0FB /* SwimmeeUITests */ = {
			isa = PBXGroup;
			children = (
				DC88599A28E269E20032E0FB /* SwimmeeUITests.swift */,
				DC88599C28E269E20032E0FB /* SwimmeeUITestsLaunchTests.swift */,
			);
			path = SwimmeeUITests;
			sourceTree = "<group>";
		};
/* End PBXGroup section */

/* Begin PBXNativeTarget section */
		DC88597B28E269E20032E0FB /* Swimmee */ = {
			isa = PBXNativeTarget;
			buildConfigurationList = DC8859A028E269E20032E0FB /* Build configuration list for PBXNativeTarget "Swimmee" */;
			buildPhases = (
				DC88597828E269E20032E0FB /* Sources */,
				DC88597928E269E20032E0FB /* Frameworks */,
				DC88597A28E269E20032E0FB /* Resources */,
			);
			buildRules = (
			);
			dependencies = (
			);
			name = Swimmee;
			productName = Swimmee;
			productReference = DC88597C28E269E20032E0FB /* Swimmee.app */;
			productType = "com.apple.product-type.application";
		};
		DC88598B28E269E20032E0FB /* SwimmeeTests */ = {
			isa = PBXNativeTarget;
			buildConfigurationList = DC8859A328E269E20032E0FB /* Build configuration list for PBXNativeTarget "SwimmeeTests" */;
			buildPhases = (
				DC88598828E269E20032E0FB /* Sources */,
				DC88598928E269E20032E0FB /* Frameworks */,
				DC88598A28E269E20032E0FB /* Resources */,
			);
			buildRules = (
			);
			dependencies = (
				DC88598E28E269E20032E0FB /* PBXTargetDependency */,
			);
			name = SwimmeeTests;
			productName = SwimmeeTests;
			productReference = DC88598C28E269E20032E0FB /* SwimmeeTests.xctest */;
			productType = "com.apple.product-type.bundle.unit-test";
		};
		DC88599528E269E20032E0FB /* SwimmeeUITests */ = {
			isa = PBXNativeTarget;
			buildConfigurationList = DC8859A628E269E20032E0FB /* Build configuration list for PBXNativeTarget "SwimmeeUITests" */;
			buildPhases = (
				DC88599228E269E20032E0FB /* Sources */,
				DC88599328E269E20032E0FB /* Frameworks */,
				DC88599428E269E20032E0FB /* Resources */,
			);
			buildRules = (
			);
			dependencies = (
				DC88599828E269E20032E0FB /* PBXTargetDependency */,
			);
			name = SwimmeeUITests;
			productName = SwimmeeUITests;
			productReference = DC88599628E269E20032E0FB /* SwimmeeUITests.xctest */;
			productType = "com.apple.product-type.bundle.ui-testing";
		};
/* End PBXNativeTarget section */

/* Begin PBXProject section */
		DC88597428E269E10032E0FB /* Project object */ = {
			isa = PBXProject;
			attributes = {
				BuildIndependentTargetsInParallel = 1;
				LastSwiftUpdateCheck = 1400;
				LastUpgradeCheck = 1400;
				TargetAttributes = {
					DC88597B28E269E20032E0FB = {
						CreatedOnToolsVersion = 14.0.1;
					};
					DC88598B28E269E20032E0FB = {
						CreatedOnToolsVersion = 14.0.1;
						TestTargetID = DC88597B28E269E20032E0FB;
					};
					DC88599528E269E20032E0FB = {
						CreatedOnToolsVersion = 14.0.1;
						TestTargetID = DC88597B28E269E20032E0FB;
					};
				};
			};
			buildConfigurationList = DC88597728E269E10032E0FB /* Build configuration list for PBXProject "Swimmee" */;
			compatibilityVersion = "Xcode 14.0";
			developmentRegion = en;
			hasScannedForEncodings = 0;
			knownRegions = (
				en,
				Base,
			);
			mainGroup = DC88597328E269E10032E0FB;
			productRefGroup = DC88597D28E269E20032E0FB /* Products */;
			projectDirPath = "";
			projectRoot = "";
			targets = (
				DC88597B28E269E20032E0FB /* Swimmee */,
				DC88598B28E269E20032E0FB /* SwimmeeTests */,
				DC88599528E269E20032E0FB /* SwimmeeUITests */,
			);
		};
/* End PBXProject section */

/* Begin PBXResourcesBuildPhase section */
		DC88597A28E269E20032E0FB /* Resources */ = {
			isa = PBXResourcesBuildPhase;
			buildActionMask = 2147483647;
			files = (
				DC88598728E269E20032E0FB /* Preview Assets.xcassets in Resources */,
				DC88598428E269E20032E0FB /* Assets.xcassets in Resources */,
			);
			runOnlyForDeploymentPostprocessing = 0;
		};
		DC88598A28E269E20032E0FB /* Resources */ = {
			isa = PBXResourcesBuildPhase;
			buildActionMask = 2147483647;
			files = (
			);
			runOnlyForDeploymentPostprocessing = 0;
		};
		DC88599428E269E20032E0FB /* Resources */ = {
			isa = PBXResourcesBuildPhase;
			buildActionMask = 2147483647;
			files = (
			);
			runOnlyForDeploymentPostprocessing = 0;
		};
/* End PBXResourcesBuildPhase section */

/* Begin PBXSourcesBuildPhase section */
		DC88597828E269E20032E0FB /* Sources */ = {
			isa = PBXSourcesBuildPhase;
			buildActionMask = 2147483647;
			files = (
				DC88598228E269E20032E0FB /* ContentView.swift in Sources */,
				DC88598028E269E20032E0FB /* SwimmeeApp.swift in Sources */,
			);
			runOnlyForDeploymentPostprocessing = 0;
		};
		DC88598828E269E20032E0FB /* Sources */ = {
			isa = PBXSourcesBuildPhase;
			buildActionMask = 2147483647;
			files = (
				DC88599128E269E20032E0FB /* SwimmeeTests.swift in Sources */,
			);
			runOnlyForDeploymentPostprocessing = 0;
		};
		DC88599228E269E20032E0FB /* Sources */ = {
			isa = PBXSourcesBuildPhase;
			buildActionMask = 2147483647;
			files = (
				DC88599D28E269E20032E0FB /* SwimmeeUITestsLaunchTests.swift in Sources */,
				DC88599B28E269E20032E0FB /* SwimmeeUITests.swift in Sources */,
			);
			runOnlyForDeploymentPostprocessing = 0;
		};
/* End PBXSourcesBuildPhase section */

/* Begin PBXTargetDependency section */
		DC88598E28E269E20032E0FB /* PBXTargetDependency */ = {
			isa = PBXTargetDependency;
			target = DC88597B28E269E20032E0FB /* Swimmee */;
			targetProxy = DC88598D28E269E20032E0FB /* PBXContainerItemProxy */;
		};
		DC88599828E269E20032E0FB /* PBXTargetDependency */ = {
			isa = PBXTargetDependency;
			target = DC88597B28E269E20032E0FB /* Swimmee */;
			targetProxy = DC88599728E269E20032E0FB /* PBXContainerItemProxy */;
		};
/* End PBXTargetDependency section */

/* Begin XCBuildConfiguration section */
		DC88599E28E269E20032E0FB /* Debug */ = {
			isa = XCBuildConfiguration;
			buildSettings = {
				ALWAYS_SEARCH_USER_PATHS = NO;
				CLANG_ANALYZER_NONNULL = YES;
				CLANG_ANALYZER_NUMBER_OBJECT_CONVERSION = YES_AGGRESSIVE;
				CLANG_CXX_LANGUAGE_STANDARD = "gnu++20";
				CLANG_ENABLE_MODULES = YES;
				CLANG_ENABLE_OBJC_ARC = YES;
				CLANG_ENABLE_OBJC_WEAK = YES;
				CLANG_WARN_BLOCK_CAPTURE_AUTORELEASING = YES;
				CLANG_WARN_BOOL_CONVERSION = YES;
				CLANG_WARN_COMMA = YES;
				CLANG_WARN_CONSTANT_CONVERSION = YES;
				CLANG_WARN_DEPRECATED_OBJC_IMPLEMENTATIONS = YES;
				CLANG_WARN_DIRECT_OBJC_ISA_USAGE = YES_ERROR;
				CLANG_WARN_DOCUMENTATION_COMMENTS = YES;
				CLANG_WARN_EMPTY_BODY = YES;
				CLANG_WARN_ENUM_CONVERSION = YES;
				CLANG_WARN_INFINITE_RECURSION = YES;
				CLANG_WARN_INT_CONVERSION = YES;
				CLANG_WARN_NON_LITERAL_NULL_CONVERSION = YES;
				CLANG_WARN_OBJC_IMPLICIT_RETAIN_SELF = YES;
				CLANG_WARN_OBJC_LITERAL_CONVERSION = YES;
				CLANG_WARN_OBJC_ROOT_CLASS = YES_ERROR;
				CLANG_WARN_QUOTED_INCLUDE_IN_FRAMEWORK_HEADER = YES;
				CLANG_WARN_RANGE_LOOP_ANALYSIS = YES;
				CLANG_WARN_STRICT_PROTOTYPES = YES;
				CLANG_WARN_SUSPICIOUS_MOVE = YES;
				CLANG_WARN_UNGUARDED_AVAILABILITY = YES_AGGRESSIVE;
				CLANG_WARN_UNREACHABLE_CODE = YES;
				CLANG_WARN__DUPLICATE_METHOD_MATCH = YES;
				COPY_PHASE_STRIP = NO;
				DEBUG_INFORMATION_FORMAT = dwarf;
				ENABLE_STRICT_OBJC_MSGSEND = YES;
				ENABLE_TESTABILITY = YES;
				GCC_C_LANGUAGE_STANDARD = gnu11;
				GCC_DYNAMIC_NO_PIC = NO;
				GCC_NO_COMMON_BLOCKS = YES;
				GCC_OPTIMIZATION_LEVEL = 0;
				GCC_PREPROCESSOR_DEFINITIONS = (
					"DEBUG=1",
					"$(inherited)",
				);
				GCC_WARN_64_TO_32_BIT_CONVERSION = YES;
				GCC_WARN_ABOUT_RETURN_TYPE = YES_ERROR;
				GCC_WARN_UNDECLARED_SELECTOR = YES;
				GCC_WARN_UNINITIALIZED_AUTOS = YES_AGGRESSIVE;
				GCC_WARN_UNUSED_FUNCTION = YES;
				GCC_WARN_UNUSED_VARIABLE = YES;
				IPHONEOS_DEPLOYMENT_TARGET = 16.0;
				MTL_ENABLE_DEBUG_INFO = INCLUDE_SOURCE;
				MTL_FAST_MATH = YES;
				ONLY_ACTIVE_ARCH = YES;
				SDKROOT = iphoneos;
				SWIFT_ACTIVE_COMPILATION_CONDITIONS = DEBUG;
				SWIFT_OPTIMIZATION_LEVEL = "-Onone";
			};
			name = Debug;
		};
		DC88599F28E269E20032E0FB /* Release */ = {
			isa = XCBuildConfiguration;
			buildSettings = {
				ALWAYS_SEARCH_USER_PATHS = NO;
				CLANG_ANALYZER_NONNULL = YES;
				CLANG_ANALYZER_NUMBER_OBJECT_CONVERSION = YES_AGGRESSIVE;
				CLANG_CXX_LANGUAGE_STANDARD = "gnu++20";
				CLANG_ENABLE_MODULES = YES;
				CLANG_ENABLE_OBJC_ARC = YES;
				CLANG_ENABLE_OBJC_WEAK = YES;
				CLANG_WARN_BLOCK_CAPTURE_AUTORELEASING = YES;
				CLANG_WARN_BOOL_CONVERSION = YES;
				CLANG_WARN_COMMA = YES;
				CLANG_WARN_CONSTANT_CONVERSION = YES;
				CLANG_WARN_DEPRECATED_OBJC_IMPLEMENTATIONS = YES;
				CLANG_WARN_DIRECT_OBJC_ISA_USAGE = YES_ERROR;
				CLANG_WARN_DOCUMENTATION_COMMENTS = YES;
				CLANG_WARN_EMPTY_BODY = YES;
				CLANG_WARN_ENUM_CONVERSION = YES;
				CLANG_WARN_INFINITE_RECURSION = YES;
				CLANG_WARN_INT_CONVERSION = YES;
				CLANG_WARN_NON_LITERAL_NULL_CONVERSION = YES;
				CLANG_WARN_OBJC_IMPLICIT_RETAIN_SELF = YES;
				CLANG_WARN_OBJC_LITERAL_CONVERSION = YES;
				CLANG_WARN_OBJC_ROOT_CLASS = YES_ERROR;
				CLANG_WARN_QUOTED_INCLUDE_IN_FRAMEWORK_HEADER = YES;
				CLANG_WARN_RANGE_LOOP_ANALYSIS = YES;
				CLANG_WARN_STRICT_PROTOTYPES = YES;
				CLANG_WARN_SUSPICIOUS_MOVE = YES;
				CLANG_WARN_UNGUARDED_AVAILABILITY = YES_AGGRESSIVE;
				CLANG_WARN_UNREACHABLE_CODE = YES;
				CLANG_WARN__DUPLICATE_METHOD_MATCH = YES;
				COPY_PHASE_STRIP = NO;
				DEBUG_INFORMATION_FORMAT = "dwarf-with-dsym";
				ENABLE_NS_ASSERTIONS = NO;
				ENABLE_STRICT_OBJC_MSGSEND = YES;
				GCC_C_LANGUAGE_STANDARD = gnu11;
				GCC_NO_COMMON_BLOCKS = YES;
				GCC_WARN_64_TO_32_BIT_CONVERSION = YES;
				GCC_WARN_ABOUT_RETURN_TYPE = YES_ERROR;
				GCC_WARN_UNDECLARED_SELECTOR = YES;
				GCC_WARN_UNINITIALIZED_AUTOS = YES_AGGRESSIVE;
				GCC_WARN_UNUSED_FUNCTION = YES;
				GCC_WARN_UNUSED_VARIABLE = YES;
				IPHONEOS_DEPLOYMENT_TARGET = 16.0;
				MTL_ENABLE_DEBUG_INFO = NO;
				MTL_FAST_MATH = YES;
				SDKROOT = iphoneos;
				SWIFT_COMPILATION_MODE = wholemodule;
				SWIFT_OPTIMIZATION_LEVEL = "-O";
				VALIDATE_PRODUCT = YES;
			};
			name = Release;
		};
		DC8859A128E269E20032E0FB /* Debug */ = {
			isa = XCBuildConfiguration;
			buildSettings = {
				ASSETCATALOG_COMPILER_APPICON_NAME = AppIcon;
				ASSETCATALOG_COMPILER_GLOBAL_ACCENT_COLOR_NAME = AccentColor;
				CODE_SIGN_STYLE = Automatic;
				CURRENT_PROJECT_VERSION = 1;
				DEVELOPMENT_ASSET_PATHS = "\"Swimmee/Preview Content\"";
				ENABLE_PREVIEWS = YES;
				GENERATE_INFOPLIST_FILE = YES;
				INFOPLIST_KEY_UIApplicationSceneManifest_Generation = YES;
				INFOPLIST_KEY_UIApplicationSupportsIndirectInputEvents = YES;
				INFOPLIST_KEY_UILaunchScreen_Generation = YES;
				INFOPLIST_KEY_UISupportedInterfaceOrientations_iPad = "UIInterfaceOrientationPortrait UIInterfaceOrientationPortraitUpsideDown UIInterfaceOrientationLandscapeLeft UIInterfaceOrientationLandscapeRight";
				INFOPLIST_KEY_UISupportedInterfaceOrientations_iPhone = "UIInterfaceOrientationPortrait UIInterfaceOrientationLandscapeLeft UIInterfaceOrientationLandscapeRight";
				LD_RUNPATH_SEARCH_PATHS = (
					"$(inherited)",
					"@executable_path/Frameworks",
				);
				MARKETING_VERSION = 1.0;
				PRODUCT_BUNDLE_IDENTIFIER = com.rodriced.Swimmee;
				PRODUCT_NAME = "$(TARGET_NAME)";
				SWIFT_EMIT_LOC_STRINGS = YES;
				SWIFT_VERSION = 5.0;
				TARGETED_DEVICE_FAMILY = "1,2";
			};
			name = Debug;
		};
		DC8859A228E269E20032E0FB /* Release */ = {
			isa = XCBuildConfiguration;
			buildSettings = {
				ASSETCATALOG_COMPILER_APPICON_NAME = AppIcon;
				ASSETCATALOG_COMPILER_GLOBAL_ACCENT_COLOR_NAME = AccentColor;
				CODE_SIGN_STYLE = Automatic;
				CURRENT_PROJECT_VERSION = 1;
				DEVELOPMENT_ASSET_PATHS = "\"Swimmee/Preview Content\"";
				ENABLE_PREVIEWS = YES;
				GENERATE_INFOPLIST_FILE = YES;
				INFOPLIST_KEY_UIApplicationSceneManifest_Generation = YES;
				INFOPLIST_KEY_UIApplicationSupportsIndirectInputEvents = YES;
				INFOPLIST_KEY_UILaunchScreen_Generation = YES;
				INFOPLIST_KEY_UISupportedInterfaceOrientations_iPad = "UIInterfaceOrientationPortrait UIInterfaceOrientationPortraitUpsideDown UIInterfaceOrientationLandscapeLeft UIInterfaceOrientationLandscapeRight";
				INFOPLIST_KEY_UISupportedInterfaceOrientations_iPhone = "UIInterfaceOrientationPortrait UIInterfaceOrientationLandscapeLeft UIInterfaceOrientationLandscapeRight";
				LD_RUNPATH_SEARCH_PATHS = (
					"$(inherited)",
					"@executable_path/Frameworks",
				);
				MARKETING_VERSION = 1.0;
				PRODUCT_BUNDLE_IDENTIFIER = com.rodriced.Swimmee;
				PRODUCT_NAME = "$(TARGET_NAME)";
				SWIFT_EMIT_LOC_STRINGS = YES;
				SWIFT_VERSION = 5.0;
				TARGETED_DEVICE_FAMILY = "1,2";
			};
			name = Release;
		};
		DC8859A428E269E20032E0FB /* Debug */ = {
			isa = XCBuildConfiguration;
			buildSettings = {
				ALWAYS_EMBED_SWIFT_STANDARD_LIBRARIES = YES;
				BUNDLE_LOADER = "$(TEST_HOST)";
				CODE_SIGN_STYLE = Automatic;
				CURRENT_PROJECT_VERSION = 1;
				GENERATE_INFOPLIST_FILE = YES;
				IPHONEOS_DEPLOYMENT_TARGET = 16.0;
				MARKETING_VERSION = 1.0;
				PRODUCT_BUNDLE_IDENTIFIER = com.rodriced.SwimmeeTests;
				PRODUCT_NAME = "$(TARGET_NAME)";
				SWIFT_EMIT_LOC_STRINGS = NO;
				SWIFT_VERSION = 5.0;
				TARGETED_DEVICE_FAMILY = "1,2";
				TEST_HOST = "$(BUILT_PRODUCTS_DIR)/Swimmee.app/$(BUNDLE_EXECUTABLE_FOLDER_PATH)/Swimmee";
			};
			name = Debug;
		};
		DC8859A528E269E20032E0FB /* Release */ = {
			isa = XCBuildConfiguration;
			buildSettings = {
				ALWAYS_EMBED_SWIFT_STANDARD_LIBRARIES = YES;
				BUNDLE_LOADER = "$(TEST_HOST)";
				CODE_SIGN_STYLE = Automatic;
				CURRENT_PROJECT_VERSION = 1;
				GENERATE_INFOPLIST_FILE = YES;
				IPHONEOS_DEPLOYMENT_TARGET = 16.0;
				MARKETING_VERSION = 1.0;
				PRODUCT_BUNDLE_IDENTIFIER = com.rodriced.SwimmeeTests;
				PRODUCT_NAME = "$(TARGET_NAME)";
				SWIFT_EMIT_LOC_STRINGS = NO;
				SWIFT_VERSION = 5.0;
				TARGETED_DEVICE_FAMILY = "1,2";
				TEST_HOST = "$(BUILT_PRODUCTS_DIR)/Swimmee.app/$(BUNDLE_EXECUTABLE_FOLDER_PATH)/Swimmee";
			};
			name = Release;
		};
		DC8859A728E269E20032E0FB /* Debug */ = {
			isa = XCBuildConfiguration;
			buildSettings = {
				ALWAYS_EMBED_SWIFT_STANDARD_LIBRARIES = YES;
				CODE_SIGN_STYLE = Automatic;
				CURRENT_PROJECT_VERSION = 1;
				GENERATE_INFOPLIST_FILE = YES;
				MARKETING_VERSION = 1.0;
				PRODUCT_BUNDLE_IDENTIFIER = com.rodriced.SwimmeeUITests;
				PRODUCT_NAME = "$(TARGET_NAME)";
				SWIFT_EMIT_LOC_STRINGS = NO;
				SWIFT_VERSION = 5.0;
				TARGETED_DEVICE_FAMILY = "1,2";
				TEST_TARGET_NAME = Swimmee;
			};
			name = Debug;
		};
		DC8859A828E269E20032E0FB /* Release */ = {
			isa = XCBuildConfiguration;
			buildSettings = {
				ALWAYS_EMBED_SWIFT_STANDARD_LIBRARIES = YES;
				CODE_SIGN_STYLE = Automatic;
				CURRENT_PROJECT_VERSION = 1;
				GENERATE_INFOPLIST_FILE = YES;
				MARKETING_VERSION = 1.0;
				PRODUCT_BUNDLE_IDENTIFIER = com.rodriced.SwimmeeUITests;
				PRODUCT_NAME = "$(TARGET_NAME)";
				SWIFT_EMIT_LOC_STRINGS = NO;
				SWIFT_VERSION = 5.0;
				TARGETED_DEVICE_FAMILY = "1,2";
				TEST_TARGET_NAME = Swimmee;
			};
			name = Release;
		};
/* End XCBuildConfiguration section */

/* Begin XCConfigurationList section */
		DC88597728E269E10032E0FB /* Build configuration list for PBXProject "Swimmee" */ = {
			isa = XCConfigurationList;
			buildConfigurations = (
				DC88599E28E269E20032E0FB /* Debug */,
				DC88599F28E269E20032E0FB /* Release */,
			);
			defaultConfigurationIsVisible = 0;
			defaultConfigurationName = Release;
		};
		DC8859A028E269E20032E0FB /* Build configuration list for PBXNativeTarget "Swimmee" */ = {
			isa = XCConfigurationList;
			buildConfigurations = (
				DC8859A128E269E20032E0FB /* Debug */,
				DC8859A228E269E20032E0FB /* Release */,
			);
			defaultConfigurationIsVisible = 0;
			defaultConfigurationName = Release;
		};
		DC8859A328E269E20032E0FB /* Build configuration list for PBXNativeTarget "SwimmeeTests" */ = {
			isa = XCConfigurationList;
			buildConfigurations = (
				DC8859A428E269E20032E0FB /* Debug */,
				DC8859A528E269E20032E0FB /* Release */,
			);
			defaultConfigurationIsVisible = 0;
			defaultConfigurationName = Release;
		};
		DC8859A628E269E20032E0FB /* Build configuration list for PBXNativeTarget "SwimmeeUITests" */ = {
			isa = XCConfigurationList;
			buildConfigurations = (
				DC8859A728E269E20032E0FB /* Debug */,
				DC8859A828E269E20032E0FB /* Release */,
			);
			defaultConfigurationIsVisible = 0;
			defaultConfigurationName = Release;
		};
/* End XCConfigurationList section */
	};
	rootObject = DC88597428E269E10032E0FB /* Project object */;
}
