// !$*UTF8*$!
{
	archiveVersion = 1;
	classes = {
	};
	objectVersion = 55;
	objects = {

/* Begin PBXBuildFile section */
		DC0571F929391AE80037A387 /* SignSharedViewModelTests.swift in Sources */ = {isa = PBXBuildFile; fileRef = DC0571F829391AE80037A387 /* SignSharedViewModelTests.swift */; };
		DC057201293A0E720037A387 /* TestHelper.swift in Sources */ = {isa = PBXBuildFile; fileRef = DC057200293A0E720037A387 /* TestHelper.swift */; };
		DC057205293A1EBC0037A387 /* FirebaseAccountAPI.swift in Sources */ = {isa = PBXBuildFile; fileRef = DC057204293A1EBC0037A387 /* FirebaseAccountAPI.swift */; };
		DC057209293A9CDB0037A387 /* CustomError.swift in Sources */ = {isa = PBXBuildFile; fileRef = DC057208293A9CDB0037A387 /* CustomError.swift */; };
		DC05720B293AAF5B0037A387 /* MockAccountAPI.swift in Sources */ = {isa = PBXBuildFile; fileRef = DC05720A293AAF5B0037A387 /* MockAccountAPI.swift */; };
		DC057210293C26510037A387 /* ProfileViewModel.swift in Sources */ = {isa = PBXBuildFile; fileRef = DC05720F293C26510037A387 /* ProfileViewModel.swift */; };
		DC057212293C29000037A387 /* ProfileViewModelTests.swift in Sources */ = {isa = PBXBuildFile; fileRef = DC057211293C29000037A387 /* ProfileViewModelTests.swift */; };
		DC057214293D0DED0037A387 /* MockImageStorageAPI.swift in Sources */ = {isa = PBXBuildFile; fileRef = DC057213293D0DED0037A387 /* MockImageStorageAPI.swift */; };
		DC057216293E54DF0037A387 /* UserCollectionAPI.swift in Sources */ = {isa = PBXBuildFile; fileRef = DC057215293E54DF0037A387 /* UserCollectionAPI.swift */; };
		DC057218293EAFC00037A387 /* ProfileAPI.swift in Sources */ = {isa = PBXBuildFile; fileRef = DC057217293EAFC00037A387 /* ProfileAPI.swift */; };
		DC0C05BE2948EE970014C829 /* UserInfos.swift in Sources */ = {isa = PBXBuildFile; fileRef = DC0C05BD2948EE970014C829 /* UserInfos.swift */; };
		DC0C05C02948F7C80014C829 /* CoachSessionTests.swift in Sources */ = {isa = PBXBuildFile; fileRef = DC0C05BF2948F7C80014C829 /* CoachSessionTests.swift */; };
		DC0C05C22948F8490014C829 /* SwimmerSessionTests.swift in Sources */ = {isa = PBXBuildFile; fileRef = DC0C05C12948F8490014C829 /* SwimmerSessionTests.swift */; };
		DC100C33294B713300317F78 /* WorkoutTests.swift in Sources */ = {isa = PBXBuildFile; fileRef = DC100C32294B713300317F78 /* WorkoutTests.swift */; };
		DC100C35294B76C600317F78 /* MessageTests.swift in Sources */ = {isa = PBXBuildFile; fileRef = DC100C34294B76C600317F78 /* MessageTests.swift */; };
		DC1037F028F72D75005E5B57 /* AuthenticatedMainView.swift in Sources */ = {isa = PBXBuildFile; fileRef = DC1037EF28F72D75005E5B57 /* AuthenticatedMainView.swift */; };
		DC150D572946A678001DB9B0 /* SwimmerCoachViewModelTests.swift in Sources */ = {isa = PBXBuildFile; fileRef = DC150D562946A678001DB9B0 /* SwimmerCoachViewModelTests.swift */; };
		DC232BD7292B0D84007BC2ED /* SDWebImageSwiftUI in Frameworks */ = {isa = PBXBuildFile; productRef = DC232BD6292B0D84007BC2ED /* SDWebImageSwiftUI */; };
		DC232BD9292B7D81007BC2ED /* UserCellView.swift in Sources */ = {isa = PBXBuildFile; fileRef = DC232BD8292B7D81007BC2ED /* UserCellView.swift */; };
		DC2409362952A686002A4CBB /* Samples.swift in Sources */ = {isa = PBXBuildFile; fileRef = DC2409352952A686002A4CBB /* Samples.swift */; };
		DC2B10942950FA0B002F6641 /* UserRouter.swift in Sources */ = {isa = PBXBuildFile; fileRef = DC2B10932950FA0B002F6641 /* UserRouter.swift */; };
		DC2C22452943C7B0005BBC19 /* AccountAPI.swift in Sources */ = {isa = PBXBuildFile; fileRef = DC2C22442943C7B0005BBC19 /* AccountAPI.swift */; };
		DC2C22472943E2CA005BBC19 /* SwimmeeMain.swift in Sources */ = {isa = PBXBuildFile; fileRef = DC2C22462943E2CA005BBC19 /* SwimmeeMain.swift */; };
		DC2C22492943F031005BBC19 /* SwimmeeAppForTesting.swift in Sources */ = {isa = PBXBuildFile; fileRef = DC2C22482943F031005BBC19 /* SwimmeeAppForTesting.swift */; };
		DC2C224C2943FA6F005BBC19 /* GoogleService-Info.plist in Resources */ = {isa = PBXBuildFile; fileRef = DC2C224B2943FA6F005BBC19 /* GoogleService-Info.plist */; };
		DC2C224F294412B4005BBC19 /* FirebasePerformance in Frameworks */ = {isa = PBXBuildFile; productRef = DC2C224E294412B4005BBC19 /* FirebasePerformance */; };
		DC3C887F28F3558E0065CBD6 /* SwimmerMainView.swift in Sources */ = {isa = PBXBuildFile; fileRef = DC3C887E28F3558E0065CBD6 /* SwimmerMainView.swift */; };
		DC3C888128F35B200065CBD6 /* SwimmerMessagesView.swift in Sources */ = {isa = PBXBuildFile; fileRef = DC3C888028F35B200065CBD6 /* SwimmerMessagesView.swift */; };
		DC3C888428F426250065CBD6 /* Message.swift in Sources */ = {isa = PBXBuildFile; fileRef = DC3C888328F426250065CBD6 /* Message.swift */; };
		DC3C888628F426890065CBD6 /* MessageView.swift in Sources */ = {isa = PBXBuildFile; fileRef = DC3C888528F426890065CBD6 /* MessageView.swift */; };
		DC3C888828F42BAE0065CBD6 /* Profile.swift in Sources */ = {isa = PBXBuildFile; fileRef = DC3C888728F42BAE0065CBD6 /* Profile.swift */; };
		DC3C888A28F449140065CBD6 /* CoachMainView.swift in Sources */ = {isa = PBXBuildFile; fileRef = DC3C888928F449140065CBD6 /* CoachMainView.swift */; };
		DC3C888C28F455970065CBD6 /* SettingsView.swift in Sources */ = {isa = PBXBuildFile; fileRef = DC3C888B28F455970065CBD6 /* SettingsView.swift */; };
		DC3C889028F4A38D0065CBD6 /* MenuLabel.swift in Sources */ = {isa = PBXBuildFile; fileRef = DC3C888F28F4A38D0065CBD6 /* MenuLabel.swift */; };
		DC3C889228F4AA2B0065CBD6 /* ViewModifierExtension.swift in Sources */ = {isa = PBXBuildFile; fileRef = DC3C889128F4AA2B0065CBD6 /* ViewModifierExtension.swift */; };
		DC3C889928F4AFED0065CBD6 /* EditMessageView.swift in Sources */ = {isa = PBXBuildFile; fileRef = DC3C889828F4AFED0065CBD6 /* EditMessageView.swift */; };
		DC3C889B28F4C4F50065CBD6 /* WorkoutView.swift in Sources */ = {isa = PBXBuildFile; fileRef = DC3C889A28F4C4F50065CBD6 /* WorkoutView.swift */; };
		DC3C889D28F4C5830065CBD6 /* Workout.swift in Sources */ = {isa = PBXBuildFile; fileRef = DC3C889C28F4C5830065CBD6 /* Workout.swift */; };
		DC3C889F28F4D4040065CBD6 /* SwimmerWorkoutsView.swift in Sources */ = {isa = PBXBuildFile; fileRef = DC3C889E28F4D4040065CBD6 /* SwimmerWorkoutsView.swift */; };
		DC3C88A128F4DFCF0065CBD6 /* CoachWorkoutsView.swift in Sources */ = {isa = PBXBuildFile; fileRef = DC3C88A028F4DFCF0065CBD6 /* CoachWorkoutsView.swift */; };
		DC3C88A328F4E1430065CBD6 /* EditWorkoutView.swift in Sources */ = {isa = PBXBuildFile; fileRef = DC3C88A228F4E1430065CBD6 /* EditWorkoutView.swift */; };
		DC3C88A528F4E8EA0065CBD6 /* CoachTeamView.swift in Sources */ = {isa = PBXBuildFile; fileRef = DC3C88A428F4E8EA0065CBD6 /* CoachTeamView.swift */; };
		DC3C88A728F4F4A70065CBD6 /* SwimmerCoachView.swift in Sources */ = {isa = PBXBuildFile; fileRef = DC3C88A628F4F4A70065CBD6 /* SwimmerCoachView.swift */; };
		DC3E998F28FF42C3008E274C /* FirebaseImageStorageAPI.swift in Sources */ = {isa = PBXBuildFile; fileRef = DC3E998E28FF42C3008E274C /* FirebaseImageStorageAPI.swift */; };
		DC4E558D2946401700C508FA /* WorkoutTagsTests.swift in Sources */ = {isa = PBXBuildFile; fileRef = DC4E558C2946401700C508FA /* WorkoutTagsTests.swift */; };
		DC4E558F2946418A00C508FA /* Samples.swift in Sources */ = {isa = PBXBuildFile; fileRef = DC4E558E2946418A00C508FA /* Samples.swift */; };
		DC4E559129464EEA00C508FA /* CoachTeamViewModelTests.swift in Sources */ = {isa = PBXBuildFile; fileRef = DC4E559029464EEA00C508FA /* CoachTeamViewModelTests.swift */; };
		DC4E559329464FB900C508FA /* MockProfileAPI.swift in Sources */ = {isa = PBXBuildFile; fileRef = DC4E559229464FB900C508FA /* MockProfileAPI.swift */; };
		DC532D5329476F75003F9E89 /* SwimmerMessagesViewModelTests.swift in Sources */ = {isa = PBXBuildFile; fileRef = DC532D5229476F75003F9E89 /* SwimmerMessagesViewModelTests.swift */; };
		DC532D552947707B003F9E89 /* MockUserCollectionAPI.swift in Sources */ = {isa = PBXBuildFile; fileRef = DC532D542947707B003F9E89 /* MockUserCollectionAPI.swift */; };
		DC546F80295BAF7D00114C14 /* TimeHelper.swift in Sources */ = {isa = PBXBuildFile; fileRef = DC546F7F295BAF7D00114C14 /* TimeHelper.swift */; };
		DC556817294FD51400A20D52 /* EditMessageViewModelTests.swift in Sources */ = {isa = PBXBuildFile; fileRef = DC556816294FD51400A20D52 /* EditMessageViewModelTests.swift */; };
		DC5D87B82959351F00BC1094 /* DbIdentifiable.swift in Sources */ = {isa = PBXBuildFile; fileRef = DC5D87B72959351F00BC1094 /* DbIdentifiable.swift */; };
		DC5D87BA2959604E00BC1094 /* WorkoutTags.swift in Sources */ = {isa = PBXBuildFile; fileRef = DC5D87B92959604E00BC1094 /* WorkoutTags.swift */; };
		DC5D9B3D294A718B00C771C5 /* PhotoInfoEditedTests.swift in Sources */ = {isa = PBXBuildFile; fileRef = DC5D9B3C294A718B00C771C5 /* PhotoInfoEditedTests.swift */; };
		DC5F47712959C4F200D6966B /* README.md in Resources */ = {isa = PBXBuildFile; fileRef = DC5F47702959C4F200D6966B /* README.md */; };
		DC5FBCAA294F809400DD3E05 /* FirebaseAnalytics in Frameworks */ = {isa = PBXBuildFile; productRef = DC5FBCA9294F809400DD3E05 /* FirebaseAnalytics */; };
		DC5FBCAC294F809400DD3E05 /* FirebaseAnalyticsSwift in Frameworks */ = {isa = PBXBuildFile; productRef = DC5FBCAB294F809400DD3E05 /* FirebaseAnalyticsSwift */; };
		DC5FBCAE294F844C00DD3E05 /* FirebaseCrashlytics in Frameworks */ = {isa = PBXBuildFile; productRef = DC5FBCAD294F844C00DD3E05 /* FirebaseCrashlytics */; };
		DC6CCE30290E8CD800DB8427 /* FirestoreUserCollectionAPI.swift in Sources */ = {isa = PBXBuildFile; fileRef = DC6CCE2F290E8CD800DB8427 /* FirestoreUserCollectionAPI.swift */; };
		DC6CCE32290FC4FF00DB8427 /* API.swift in Sources */ = {isa = PBXBuildFile; fileRef = DC6CCE31290FC4FF00DB8427 /* API.swift */; };
		DC6CCE342910841B00DB8427 /* FirestoreProfileAPI.swift in Sources */ = {isa = PBXBuildFile; fileRef = DC6CCE332910841B00DB8427 /* FirestoreProfileAPI.swift */; };
		DC73812429491CC400B46184 /* UserInfosTests.swift in Sources */ = {isa = PBXBuildFile; fileRef = DC73812329491CC400B46184 /* UserInfosTests.swift */; };
		DC7477692953377C00B61A9D /* ImageStorageAPI.swift in Sources */ = {isa = PBXBuildFile; fileRef = DC7477682953377C00B61A9D /* ImageStorageAPI.swift */; };
		DC762F4E2947E14D00B0767A /* SwimmerWorkoutsViewModelTests.swift in Sources */ = {isa = PBXBuildFile; fileRef = DC762F4D2947E14D00B0767A /* SwimmerWorkoutsViewModelTests.swift */; };
		DC762F502947E3B400B0767A /* CoachMessagesViewModelTests.swift in Sources */ = {isa = PBXBuildFile; fileRef = DC762F4F2947E3B400B0767A /* CoachMessagesViewModelTests.swift */; };
		DC762F522947F65A00B0767A /* CoachWorkoutsViewModelTests.swift in Sources */ = {isa = PBXBuildFile; fileRef = DC762F512947F65A00B0767A /* CoachWorkoutsViewModelTests.swift */; };
		DC78CA69295B8CBB00102FAD /* DateExtension.swift in Sources */ = {isa = PBXBuildFile; fileRef = DC78CA68295B8CBB00102FAD /* DateExtension.swift */; };
		DC7912E1291BD3140077B403 /* CombineHelper.swift in Sources */ = {isa = PBXBuildFile; fileRef = DC7912E0291BD3140077B403 /* CombineHelper.swift */; };
		DC80A57B29526B9400F16CE6 /* Session.swift in Sources */ = {isa = PBXBuildFile; fileRef = DC80A57A29526B9400F16CE6 /* Session.swift */; };
		DC80A57D29526E2600F16CE6 /* CoachSession.swift in Sources */ = {isa = PBXBuildFile; fileRef = DC80A57C29526E2600F16CE6 /* CoachSession.swift */; };
		DC80A57F29526E7E00F16CE6 /* SwimmerSession.swift in Sources */ = {isa = PBXBuildFile; fileRef = DC80A57E29526E7E00F16CE6 /* SwimmerSession.swift */; };
		DC80A584295270FF00F16CE6 /* CoachMessagesViewModel.swift in Sources */ = {isa = PBXBuildFile; fileRef = DC80A583295270FF00F16CE6 /* CoachMessagesViewModel.swift */; };
		DC80A5862952726C00F16CE6 /* EditMessageViewModel.swift in Sources */ = {isa = PBXBuildFile; fileRef = DC80A5852952726C00F16CE6 /* EditMessageViewModel.swift */; };
		DC80A588295272F000F16CE6 /* CoachWorkoutsViewModel.swift in Sources */ = {isa = PBXBuildFile; fileRef = DC80A587295272F000F16CE6 /* CoachWorkoutsViewModel.swift */; };
		DC80A58A2952734900F16CE6 /* EditWorkoutViewModel.swift in Sources */ = {isa = PBXBuildFile; fileRef = DC80A5892952734900F16CE6 /* EditWorkoutViewModel.swift */; };
		DC80A58C2952739D00F16CE6 /* CoachTeamViewModel.swift in Sources */ = {isa = PBXBuildFile; fileRef = DC80A58B2952739D00F16CE6 /* CoachTeamViewModel.swift */; };
		DC80A58E2952740000F16CE6 /* SwimmerMainViewModel.swift in Sources */ = {isa = PBXBuildFile; fileRef = DC80A58D2952740000F16CE6 /* SwimmerMainViewModel.swift */; };
		DC80A5902952751700F16CE6 /* SwimmerMessagesViewModel.swift in Sources */ = {isa = PBXBuildFile; fileRef = DC80A58F2952751700F16CE6 /* SwimmerMessagesViewModel.swift */; };
		DC80A5922952757600F16CE6 /* SwimmerWorkoutsViewModel.swift in Sources */ = {isa = PBXBuildFile; fileRef = DC80A5912952757600F16CE6 /* SwimmerWorkoutsViewModel.swift */; };
		DC80A594295275E400F16CE6 /* SwimmerCoachViewModel.swift in Sources */ = {isa = PBXBuildFile; fileRef = DC80A593295275E400F16CE6 /* SwimmerCoachViewModel.swift */; };
		DC81D644295545C8008EFCF9 /* HideKeyboard.swift in Sources */ = {isa = PBXBuildFile; fileRef = DC81D643295545C8008EFCF9 /* HideKeyboard.swift */; };
		DC85479029539FA200A09A02 /* ButtonWithConfirmation.swift in Sources */ = {isa = PBXBuildFile; fileRef = DC85478F29539FA200A09A02 /* ButtonWithConfirmation.swift */; };
		DC863A512920531900934B62 /* PublisherExtension.swift in Sources */ = {isa = PBXBuildFile; fileRef = DC863A502920531900934B62 /* PublisherExtension.swift */; };
		DC88598028E269E20032E0FB /* SwimmeeApp.swift in Sources */ = {isa = PBXBuildFile; fileRef = DC88597F28E269E20032E0FB /* SwimmeeApp.swift */; };
		DC88598428E269E20032E0FB /* Assets.xcassets in Resources */ = {isa = PBXBuildFile; fileRef = DC88598328E269E20032E0FB /* Assets.xcassets */; };
		DC88598728E269E20032E0FB /* Preview Assets.xcassets in Resources */ = {isa = PBXBuildFile; fileRef = DC88598628E269E20032E0FB /* Preview Assets.xcassets */; };
		DC8859AA28E26F2B0032E0FB /* SignInView.swift in Sources */ = {isa = PBXBuildFile; fileRef = DC8859A928E26F2B0032E0FB /* SignInView.swift */; };
		DC8859AC28E26FE00032E0FB /* ProfileView.swift in Sources */ = {isa = PBXBuildFile; fileRef = DC8859AB28E26FE00032E0FB /* ProfileView.swift */; };
		DC920B662933CE4D000EE664 /* LoadingView.swift in Sources */ = {isa = PBXBuildFile; fileRef = DC920B652933CE4D000EE664 /* LoadingView.swift */; };
		DC920B702934B851000EE664 /* ImageHelper.swift in Sources */ = {isa = PBXBuildFile; fileRef = DC920B6F2934B851000EE664 /* ImageHelper.swift */; };
		DC920B7429355981000EE664 /* SignSharedViewModel.swift in Sources */ = {isa = PBXBuildFile; fileRef = DC920B7329355981000EE664 /* SignSharedViewModel.swift */; };
		DC920B7729355ABF000EE664 /* ValueValidation.swift in Sources */ = {isa = PBXBuildFile; fileRef = DC920B7629355ABF000EE664 /* ValueValidation.swift */; };
		DC920B7A293669D0000EE664 /* FieldStatus.swift in Sources */ = {isa = PBXBuildFile; fileRef = DC920B79293669D0000EE664 /* FieldStatus.swift */; };
		DC920B7D29366BB4000EE664 /* CollectionCombineLatest.swift in Sources */ = {isa = PBXBuildFile; fileRef = DC920B7C29366BB4000EE664 /* CollectionCombineLatest.swift */; };
		DC920B7F29367556000EE664 /* PhotoInfoEdited.swift in Sources */ = {isa = PBXBuildFile; fileRef = DC920B7E29367556000EE664 /* PhotoInfoEdited.swift */; };
		DC9A434F2921950100485B1F /* FirestoreExtension.swift in Sources */ = {isa = PBXBuildFile; fileRef = DC9A434E2921950100485B1F /* FirestoreExtension.swift */; };
		DC9A435B2922880B00485B1F /* CoachMessagesView.swift in Sources */ = {isa = PBXBuildFile; fileRef = DC9A435A2922880B00485B1F /* CoachMessagesView.swift */; };
		DCA62DF728EF64E200F87C9B /* MainView.swift in Sources */ = {isa = PBXBuildFile; fileRef = DCA62DF628EF64E200F87C9B /* MainView.swift */; };
		DCA62DF928F00E0900F87C9B /* SignUpView.swift in Sources */ = {isa = PBXBuildFile; fileRef = DCA62DF828F00E0900F87C9B /* SignUpView.swift */; };
		DCA62DFB28F00EDB00F87C9B /* AppTitleView.swift in Sources */ = {isa = PBXBuildFile; fileRef = DCA62DFA28F00EDB00F87C9B /* AppTitleView.swift */; };
		DCAEA8F92919AF0000F936E7 /* SessionTests.swift in Sources */ = {isa = PBXBuildFile; fileRef = DCAEA8F82919AF0000F936E7 /* SessionTests.swift */; };
		DCBAD89129246B8800376A3E /* TextEditorWithPlaceholder.swift in Sources */ = {isa = PBXBuildFile; fileRef = DCBAD89029246B8800376A3E /* TextEditorWithPlaceholder.swift */; };
		DCDB7EAF2956045A00BC7BA2 /* ReauthenticationView.swift in Sources */ = {isa = PBXBuildFile; fileRef = DCDB7EAE2956045A00BC7BA2 /* ReauthenticationView.swift */; };
		DCDBE7E72915D77A00386076 /* ContextualAlert.swift in Sources */ = {isa = PBXBuildFile; fileRef = DCDBE7E62915D77A00386076 /* ContextualAlert.swift */; };
		DCDCFD1229525D5400993398 /* TopBorder.swift in Sources */ = {isa = PBXBuildFile; fileRef = DCDCFD1129525D5400993398 /* TopBorder.swift */; };
		DCDCFD1529525F8500993398 /* FormTextField.swift in Sources */ = {isa = PBXBuildFile; fileRef = DCDCFD1429525F8500993398 /* FormTextField.swift */; };
		DCEB593629500954009168BF /* EditWorkoutViewModelTests.swift in Sources */ = {isa = PBXBuildFile; fileRef = DCEB593529500954009168BF /* EditWorkoutViewModelTests.swift */; };
		DCF3237E28FB37180030626C /* FirebaseAuth in Frameworks */ = {isa = PBXBuildFile; productRef = DCF3237D28FB37180030626C /* FirebaseAuth */; };
		DCF3238028FB37180030626C /* FirebaseAuthCombine-Community in Frameworks */ = {isa = PBXBuildFile; productRef = DCF3237F28FB37180030626C /* FirebaseAuthCombine-Community */; };
		DCF3238228FB37180030626C /* FirebaseFirestore in Frameworks */ = {isa = PBXBuildFile; productRef = DCF3238128FB37180030626C /* FirebaseFirestore */; };
		DCF3238428FB37180030626C /* FirebaseFirestoreCombine-Community in Frameworks */ = {isa = PBXBuildFile; productRef = DCF3238328FB37180030626C /* FirebaseFirestoreCombine-Community */; };
		DCF3238628FB37180030626C /* FirebaseFirestoreSwift in Frameworks */ = {isa = PBXBuildFile; productRef = DCF3238528FB37180030626C /* FirebaseFirestoreSwift */; };
		DCF3238828FB37180030626C /* FirebaseStorage in Frameworks */ = {isa = PBXBuildFile; productRef = DCF3238728FB37180030626C /* FirebaseStorage */; };
		DCF3238A28FB37180030626C /* FirebaseStorageCombine-Community in Frameworks */ = {isa = PBXBuildFile; productRef = DCF3238928FB37180030626C /* FirebaseStorageCombine-Community */; };
		DCFBCF4C2906D5F900F0BF35 /* DebugHelpers.swift in Sources */ = {isa = PBXBuildFile; fileRef = DCFBCF4B2906D5F900F0BF35 /* DebugHelpers.swift */; };
		DCFBCF4E29074B1900F0BF35 /* TextFieldStyle.swift in Sources */ = {isa = PBXBuildFile; fileRef = DCFBCF4D29074B1900F0BF35 /* TextFieldStyle.swift */; };
		DCFBCF522908B1DE00F0BF35 /* ImagePicker.swift in Sources */ = {isa = PBXBuildFile; fileRef = DCFBCF512908B1DE00F0BF35 /* ImagePicker.swift */; };
/* End PBXBuildFile section */

/* Begin PBXContainerItemProxy section */
		DC88598D28E269E20032E0FB /* PBXContainerItemProxy */ = {
			isa = PBXContainerItemProxy;
			containerPortal = DC88597428E269E10032E0FB /* Project object */;
			proxyType = 1;
			remoteGlobalIDString = DC88597B28E269E20032E0FB;
			remoteInfo = Swimmee;
		};
/* End PBXContainerItemProxy section */

/* Begin PBXFileReference section */
		DC0571F829391AE80037A387 /* SignSharedViewModelTests.swift */ = {isa = PBXFileReference; lastKnownFileType = sourcecode.swift; path = SignSharedViewModelTests.swift; sourceTree = "<group>"; };
		DC057200293A0E720037A387 /* TestHelper.swift */ = {isa = PBXFileReference; lastKnownFileType = sourcecode.swift; path = TestHelper.swift; sourceTree = "<group>"; };
		DC057204293A1EBC0037A387 /* FirebaseAccountAPI.swift */ = {isa = PBXFileReference; fileEncoding = 4; lastKnownFileType = sourcecode.swift; path = FirebaseAccountAPI.swift; sourceTree = "<group>"; };
		DC057208293A9CDB0037A387 /* CustomError.swift */ = {isa = PBXFileReference; lastKnownFileType = sourcecode.swift; path = CustomError.swift; sourceTree = "<group>"; };
		DC05720A293AAF5B0037A387 /* MockAccountAPI.swift */ = {isa = PBXFileReference; fileEncoding = 4; lastKnownFileType = sourcecode.swift; path = MockAccountAPI.swift; sourceTree = "<group>"; };
		DC05720F293C26510037A387 /* ProfileViewModel.swift */ = {isa = PBXFileReference; lastKnownFileType = sourcecode.swift; path = ProfileViewModel.swift; sourceTree = "<group>"; };
		DC057211293C29000037A387 /* ProfileViewModelTests.swift */ = {isa = PBXFileReference; lastKnownFileType = sourcecode.swift; path = ProfileViewModelTests.swift; sourceTree = "<group>"; };
		DC057213293D0DED0037A387 /* MockImageStorageAPI.swift */ = {isa = PBXFileReference; lastKnownFileType = sourcecode.swift; path = MockImageStorageAPI.swift; sourceTree = "<group>"; };
		DC057215293E54DF0037A387 /* UserCollectionAPI.swift */ = {isa = PBXFileReference; lastKnownFileType = sourcecode.swift; path = UserCollectionAPI.swift; sourceTree = "<group>"; };
		DC057217293EAFC00037A387 /* ProfileAPI.swift */ = {isa = PBXFileReference; lastKnownFileType = sourcecode.swift; path = ProfileAPI.swift; sourceTree = "<group>"; };
		DC0C05BD2948EE970014C829 /* UserInfos.swift */ = {isa = PBXFileReference; fileEncoding = 4; lastKnownFileType = sourcecode.swift; name = UserInfos.swift; path = ../Shared/UserInfos.swift; sourceTree = "<group>"; };
		DC0C05BF2948F7C80014C829 /* CoachSessionTests.swift */ = {isa = PBXFileReference; fileEncoding = 4; lastKnownFileType = sourcecode.swift; path = CoachSessionTests.swift; sourceTree = "<group>"; };
		DC0C05C12948F8490014C829 /* SwimmerSessionTests.swift */ = {isa = PBXFileReference; fileEncoding = 4; lastKnownFileType = sourcecode.swift; path = SwimmerSessionTests.swift; sourceTree = "<group>"; };
		DC100C32294B713300317F78 /* WorkoutTests.swift */ = {isa = PBXFileReference; lastKnownFileType = sourcecode.swift; path = WorkoutTests.swift; sourceTree = "<group>"; };
		DC100C34294B76C600317F78 /* MessageTests.swift */ = {isa = PBXFileReference; fileEncoding = 4; lastKnownFileType = sourcecode.swift; path = MessageTests.swift; sourceTree = "<group>"; };
		DC1037EF28F72D75005E5B57 /* AuthenticatedMainView.swift */ = {isa = PBXFileReference; fileEncoding = 4; lastKnownFileType = sourcecode.swift; path = AuthenticatedMainView.swift; sourceTree = "<group>"; };
		DC150D562946A678001DB9B0 /* SwimmerCoachViewModelTests.swift */ = {isa = PBXFileReference; fileEncoding = 4; lastKnownFileType = sourcecode.swift; path = SwimmerCoachViewModelTests.swift; sourceTree = "<group>"; };
		DC232BD8292B7D81007BC2ED /* UserCellView.swift */ = {isa = PBXFileReference; lastKnownFileType = sourcecode.swift; path = UserCellView.swift; sourceTree = "<group>"; };
		DC2409352952A686002A4CBB /* Samples.swift */ = {isa = PBXFileReference; lastKnownFileType = sourcecode.swift; path = Samples.swift; sourceTree = "<group>"; };
		DC2B10932950FA0B002F6641 /* UserRouter.swift */ = {isa = PBXFileReference; lastKnownFileType = sourcecode.swift; path = UserRouter.swift; sourceTree = "<group>"; };
		DC2C22442943C7B0005BBC19 /* AccountAPI.swift */ = {isa = PBXFileReference; lastKnownFileType = sourcecode.swift; path = AccountAPI.swift; sourceTree = "<group>"; };
		DC2C22462943E2CA005BBC19 /* SwimmeeMain.swift */ = {isa = PBXFileReference; fileEncoding = 4; lastKnownFileType = sourcecode.swift; path = SwimmeeMain.swift; sourceTree = "<group>"; };
		DC2C22482943F031005BBC19 /* SwimmeeAppForTesting.swift */ = {isa = PBXFileReference; lastKnownFileType = sourcecode.swift; path = SwimmeeAppForTesting.swift; sourceTree = "<group>"; };
		DC2C224B2943FA6F005BBC19 /* GoogleService-Info.plist */ = {isa = PBXFileReference; fileEncoding = 4; lastKnownFileType = text.plist.xml; path = "GoogleService-Info.plist"; sourceTree = "<group>"; };
		DC3C887E28F3558E0065CBD6 /* SwimmerMainView.swift */ = {isa = PBXFileReference; lastKnownFileType = sourcecode.swift; path = SwimmerMainView.swift; sourceTree = "<group>"; };
		DC3C888028F35B200065CBD6 /* SwimmerMessagesView.swift */ = {isa = PBXFileReference; lastKnownFileType = sourcecode.swift; path = SwimmerMessagesView.swift; sourceTree = "<group>"; };
		DC3C888328F426250065CBD6 /* Message.swift */ = {isa = PBXFileReference; lastKnownFileType = sourcecode.swift; path = Message.swift; sourceTree = "<group>"; };
		DC3C888528F426890065CBD6 /* MessageView.swift */ = {isa = PBXFileReference; lastKnownFileType = sourcecode.swift; path = MessageView.swift; sourceTree = "<group>"; };
		DC3C888728F42BAE0065CBD6 /* Profile.swift */ = {isa = PBXFileReference; lastKnownFileType = sourcecode.swift; path = Profile.swift; sourceTree = "<group>"; };
		DC3C888928F449140065CBD6 /* CoachMainView.swift */ = {isa = PBXFileReference; fileEncoding = 4; lastKnownFileType = sourcecode.swift; path = CoachMainView.swift; sourceTree = "<group>"; };
		DC3C888B28F455970065CBD6 /* SettingsView.swift */ = {isa = PBXFileReference; lastKnownFileType = sourcecode.swift; path = SettingsView.swift; sourceTree = "<group>"; };
		DC3C888F28F4A38D0065CBD6 /* MenuLabel.swift */ = {isa = PBXFileReference; lastKnownFileType = sourcecode.swift; path = MenuLabel.swift; sourceTree = "<group>"; };
		DC3C889128F4AA2B0065CBD6 /* ViewModifierExtension.swift */ = {isa = PBXFileReference; lastKnownFileType = sourcecode.swift; path = ViewModifierExtension.swift; sourceTree = "<group>"; };
		DC3C889828F4AFED0065CBD6 /* EditMessageView.swift */ = {isa = PBXFileReference; lastKnownFileType = sourcecode.swift; path = EditMessageView.swift; sourceTree = "<group>"; };
		DC3C889A28F4C4F50065CBD6 /* WorkoutView.swift */ = {isa = PBXFileReference; fileEncoding = 4; lastKnownFileType = sourcecode.swift; path = WorkoutView.swift; sourceTree = "<group>"; };
		DC3C889C28F4C5830065CBD6 /* Workout.swift */ = {isa = PBXFileReference; fileEncoding = 4; lastKnownFileType = sourcecode.swift; path = Workout.swift; sourceTree = "<group>"; };
		DC3C889E28F4D4040065CBD6 /* SwimmerWorkoutsView.swift */ = {isa = PBXFileReference; fileEncoding = 4; lastKnownFileType = sourcecode.swift; path = SwimmerWorkoutsView.swift; sourceTree = "<group>"; };
		DC3C88A028F4DFCF0065CBD6 /* CoachWorkoutsView.swift */ = {isa = PBXFileReference; fileEncoding = 4; lastKnownFileType = sourcecode.swift; path = CoachWorkoutsView.swift; sourceTree = "<group>"; };
		DC3C88A228F4E1430065CBD6 /* EditWorkoutView.swift */ = {isa = PBXFileReference; fileEncoding = 4; lastKnownFileType = sourcecode.swift; path = EditWorkoutView.swift; sourceTree = "<group>"; };
		DC3C88A428F4E8EA0065CBD6 /* CoachTeamView.swift */ = {isa = PBXFileReference; lastKnownFileType = sourcecode.swift; path = CoachTeamView.swift; sourceTree = "<group>"; };
		DC3C88A628F4F4A70065CBD6 /* SwimmerCoachView.swift */ = {isa = PBXFileReference; fileEncoding = 4; lastKnownFileType = sourcecode.swift; path = SwimmerCoachView.swift; sourceTree = "<group>"; };
		DC3E998E28FF42C3008E274C /* FirebaseImageStorageAPI.swift */ = {isa = PBXFileReference; lastKnownFileType = sourcecode.swift; path = FirebaseImageStorageAPI.swift; sourceTree = "<group>"; };
		DC4E558C2946401700C508FA /* WorkoutTagsTests.swift */ = {isa = PBXFileReference; lastKnownFileType = sourcecode.swift; path = WorkoutTagsTests.swift; sourceTree = "<group>"; };
		DC4E558E2946418A00C508FA /* Samples.swift */ = {isa = PBXFileReference; lastKnownFileType = sourcecode.swift; path = Samples.swift; sourceTree = "<group>"; };
		DC4E559029464EEA00C508FA /* CoachTeamViewModelTests.swift */ = {isa = PBXFileReference; lastKnownFileType = sourcecode.swift; path = CoachTeamViewModelTests.swift; sourceTree = "<group>"; };
		DC4E559229464FB900C508FA /* MockProfileAPI.swift */ = {isa = PBXFileReference; lastKnownFileType = sourcecode.swift; path = MockProfileAPI.swift; sourceTree = "<group>"; };
		DC532D5229476F75003F9E89 /* SwimmerMessagesViewModelTests.swift */ = {isa = PBXFileReference; lastKnownFileType = sourcecode.swift; path = SwimmerMessagesViewModelTests.swift; sourceTree = "<group>"; };
		DC532D542947707B003F9E89 /* MockUserCollectionAPI.swift */ = {isa = PBXFileReference; lastKnownFileType = sourcecode.swift; path = MockUserCollectionAPI.swift; sourceTree = "<group>"; };
		DC546F7F295BAF7D00114C14 /* TimeHelper.swift */ = {isa = PBXFileReference; lastKnownFileType = sourcecode.swift; path = TimeHelper.swift; sourceTree = "<group>"; };
		DC556816294FD51400A20D52 /* EditMessageViewModelTests.swift */ = {isa = PBXFileReference; lastKnownFileType = sourcecode.swift; path = EditMessageViewModelTests.swift; sourceTree = "<group>"; };
		DC5D87B72959351F00BC1094 /* DbIdentifiable.swift */ = {isa = PBXFileReference; lastKnownFileType = sourcecode.swift; path = DbIdentifiable.swift; sourceTree = "<group>"; };
		DC5D87B92959604E00BC1094 /* WorkoutTags.swift */ = {isa = PBXFileReference; lastKnownFileType = sourcecode.swift; path = WorkoutTags.swift; sourceTree = "<group>"; };
		DC5D9B3C294A718B00C771C5 /* PhotoInfoEditedTests.swift */ = {isa = PBXFileReference; lastKnownFileType = sourcecode.swift; path = PhotoInfoEditedTests.swift; sourceTree = "<group>"; };
		DC5F47702959C4F200D6966B /* README.md */ = {isa = PBXFileReference; fileEncoding = 4; lastKnownFileType = net.daringfireball.markdown; path = README.md; sourceTree = "<group>"; };
		DC6C550229435A03009DDB0B /* .gitignore */ = {isa = PBXFileReference; lastKnownFileType = text; path = .gitignore; sourceTree = "<group>"; };
		DC6C55052943979C009DDB0B /* .github */ = {isa = PBXFileReference; lastKnownFileType = folder; path = .github; sourceTree = "<group>"; };
		DC6CCE2F290E8CD800DB8427 /* FirestoreUserCollectionAPI.swift */ = {isa = PBXFileReference; lastKnownFileType = sourcecode.swift; path = FirestoreUserCollectionAPI.swift; sourceTree = "<group>"; };
		DC6CCE31290FC4FF00DB8427 /* API.swift */ = {isa = PBXFileReference; lastKnownFileType = sourcecode.swift; path = API.swift; sourceTree = "<group>"; };
		DC6CCE332910841B00DB8427 /* FirestoreProfileAPI.swift */ = {isa = PBXFileReference; fileEncoding = 4; lastKnownFileType = sourcecode.swift; path = FirestoreProfileAPI.swift; sourceTree = "<group>"; };
		DC73812329491CC400B46184 /* UserInfosTests.swift */ = {isa = PBXFileReference; fileEncoding = 4; lastKnownFileType = sourcecode.swift; path = UserInfosTests.swift; sourceTree = "<group>"; };
		DC7477682953377C00B61A9D /* ImageStorageAPI.swift */ = {isa = PBXFileReference; lastKnownFileType = sourcecode.swift; path = ImageStorageAPI.swift; sourceTree = "<group>"; };
		DC762F4D2947E14D00B0767A /* SwimmerWorkoutsViewModelTests.swift */ = {isa = PBXFileReference; fileEncoding = 4; lastKnownFileType = sourcecode.swift; path = SwimmerWorkoutsViewModelTests.swift; sourceTree = "<group>"; };
		DC762F4F2947E3B400B0767A /* CoachMessagesViewModelTests.swift */ = {isa = PBXFileReference; fileEncoding = 4; lastKnownFileType = sourcecode.swift; path = CoachMessagesViewModelTests.swift; sourceTree = "<group>"; };
		DC762F512947F65A00B0767A /* CoachWorkoutsViewModelTests.swift */ = {isa = PBXFileReference; fileEncoding = 4; lastKnownFileType = sourcecode.swift; path = CoachWorkoutsViewModelTests.swift; sourceTree = "<group>"; };
		DC78CA68295B8CBB00102FAD /* DateExtension.swift */ = {isa = PBXFileReference; lastKnownFileType = sourcecode.swift; path = DateExtension.swift; sourceTree = "<group>"; };
		DC7912E0291BD3140077B403 /* CombineHelper.swift */ = {isa = PBXFileReference; lastKnownFileType = sourcecode.swift; path = CombineHelper.swift; sourceTree = "<group>"; };
		DC80A57A29526B9400F16CE6 /* Session.swift */ = {isa = PBXFileReference; fileEncoding = 4; lastKnownFileType = sourcecode.swift; path = Session.swift; sourceTree = "<group>"; };
		DC80A57C29526E2600F16CE6 /* CoachSession.swift */ = {isa = PBXFileReference; fileEncoding = 4; lastKnownFileType = sourcecode.swift; path = CoachSession.swift; sourceTree = "<group>"; };
		DC80A57E29526E7E00F16CE6 /* SwimmerSession.swift */ = {isa = PBXFileReference; fileEncoding = 4; lastKnownFileType = sourcecode.swift; name = SwimmerSession.swift; path = "Swimmee/View Model/Swimmer/SwimmerSession.swift"; sourceTree = SOURCE_ROOT; };
		DC80A583295270FF00F16CE6 /* CoachMessagesViewModel.swift */ = {isa = PBXFileReference; fileEncoding = 4; lastKnownFileType = sourcecode.swift; path = CoachMessagesViewModel.swift; sourceTree = "<group>"; };
		DC80A5852952726C00F16CE6 /* EditMessageViewModel.swift */ = {isa = PBXFileReference; fileEncoding = 4; lastKnownFileType = sourcecode.swift; path = EditMessageViewModel.swift; sourceTree = "<group>"; };
		DC80A587295272F000F16CE6 /* CoachWorkoutsViewModel.swift */ = {isa = PBXFileReference; fileEncoding = 4; lastKnownFileType = sourcecode.swift; path = CoachWorkoutsViewModel.swift; sourceTree = "<group>"; };
		DC80A5892952734900F16CE6 /* EditWorkoutViewModel.swift */ = {isa = PBXFileReference; fileEncoding = 4; lastKnownFileType = sourcecode.swift; path = EditWorkoutViewModel.swift; sourceTree = "<group>"; };
		DC80A58B2952739D00F16CE6 /* CoachTeamViewModel.swift */ = {isa = PBXFileReference; fileEncoding = 4; lastKnownFileType = sourcecode.swift; path = CoachTeamViewModel.swift; sourceTree = "<group>"; };
		DC80A58D2952740000F16CE6 /* SwimmerMainViewModel.swift */ = {isa = PBXFileReference; fileEncoding = 4; lastKnownFileType = sourcecode.swift; path = SwimmerMainViewModel.swift; sourceTree = "<group>"; };
		DC80A58F2952751700F16CE6 /* SwimmerMessagesViewModel.swift */ = {isa = PBXFileReference; fileEncoding = 4; lastKnownFileType = sourcecode.swift; path = SwimmerMessagesViewModel.swift; sourceTree = "<group>"; };
		DC80A5912952757600F16CE6 /* SwimmerWorkoutsViewModel.swift */ = {isa = PBXFileReference; fileEncoding = 4; lastKnownFileType = sourcecode.swift; path = SwimmerWorkoutsViewModel.swift; sourceTree = "<group>"; };
		DC80A593295275E400F16CE6 /* SwimmerCoachViewModel.swift */ = {isa = PBXFileReference; fileEncoding = 4; lastKnownFileType = sourcecode.swift; path = SwimmerCoachViewModel.swift; sourceTree = "<group>"; };
		DC81D643295545C8008EFCF9 /* HideKeyboard.swift */ = {isa = PBXFileReference; fileEncoding = 4; lastKnownFileType = sourcecode.swift; path = HideKeyboard.swift; sourceTree = "<group>"; };
		DC85478F29539FA200A09A02 /* ButtonWithConfirmation.swift */ = {isa = PBXFileReference; lastKnownFileType = sourcecode.swift; path = ButtonWithConfirmation.swift; sourceTree = "<group>"; };
		DC863A502920531900934B62 /* PublisherExtension.swift */ = {isa = PBXFileReference; lastKnownFileType = sourcecode.swift; path = PublisherExtension.swift; sourceTree = "<group>"; };
		DC88597C28E269E20032E0FB /* Swimmee.app */ = {isa = PBXFileReference; explicitFileType = wrapper.application; includeInIndex = 0; path = Swimmee.app; sourceTree = BUILT_PRODUCTS_DIR; };
		DC88597F28E269E20032E0FB /* SwimmeeApp.swift */ = {isa = PBXFileReference; lastKnownFileType = sourcecode.swift; path = SwimmeeApp.swift; sourceTree = "<group>"; };
		DC88598328E269E20032E0FB /* Assets.xcassets */ = {isa = PBXFileReference; lastKnownFileType = folder.assetcatalog; path = Assets.xcassets; sourceTree = "<group>"; };
		DC88598628E269E20032E0FB /* Preview Assets.xcassets */ = {isa = PBXFileReference; lastKnownFileType = folder.assetcatalog; path = "Preview Assets.xcassets"; sourceTree = "<group>"; };
		DC88598C28E269E20032E0FB /* SwimmeeTests.xctest */ = {isa = PBXFileReference; explicitFileType = wrapper.cfbundle; includeInIndex = 0; path = SwimmeeTests.xctest; sourceTree = BUILT_PRODUCTS_DIR; };
		DC8859A928E26F2B0032E0FB /* SignInView.swift */ = {isa = PBXFileReference; lastKnownFileType = sourcecode.swift; path = SignInView.swift; sourceTree = "<group>"; };
		DC8859AB28E26FE00032E0FB /* ProfileView.swift */ = {isa = PBXFileReference; lastKnownFileType = sourcecode.swift; path = ProfileView.swift; sourceTree = "<group>"; };
		DC920B652933CE4D000EE664 /* LoadingView.swift */ = {isa = PBXFileReference; fileEncoding = 4; lastKnownFileType = sourcecode.swift; path = LoadingView.swift; sourceTree = "<group>"; };
		DC920B6F2934B851000EE664 /* ImageHelper.swift */ = {isa = PBXFileReference; lastKnownFileType = sourcecode.swift; path = ImageHelper.swift; sourceTree = "<group>"; };
		DC920B7329355981000EE664 /* SignSharedViewModel.swift */ = {isa = PBXFileReference; lastKnownFileType = sourcecode.swift; path = SignSharedViewModel.swift; sourceTree = "<group>"; };
		DC920B7629355ABF000EE664 /* ValueValidation.swift */ = {isa = PBXFileReference; lastKnownFileType = sourcecode.swift; path = ValueValidation.swift; sourceTree = "<group>"; };
		DC920B79293669D0000EE664 /* FieldStatus.swift */ = {isa = PBXFileReference; lastKnownFileType = sourcecode.swift; path = FieldStatus.swift; sourceTree = "<group>"; };
		DC920B7C29366BB4000EE664 /* CollectionCombineLatest.swift */ = {isa = PBXFileReference; lastKnownFileType = sourcecode.swift; path = CollectionCombineLatest.swift; sourceTree = "<group>"; };
		DC920B7E29367556000EE664 /* PhotoInfoEdited.swift */ = {isa = PBXFileReference; lastKnownFileType = sourcecode.swift; path = PhotoInfoEdited.swift; sourceTree = "<group>"; };
		DC9A434E2921950100485B1F /* FirestoreExtension.swift */ = {isa = PBXFileReference; lastKnownFileType = sourcecode.swift; path = FirestoreExtension.swift; sourceTree = "<group>"; };
		DC9A435A2922880B00485B1F /* CoachMessagesView.swift */ = {isa = PBXFileReference; fileEncoding = 4; lastKnownFileType = sourcecode.swift; path = CoachMessagesView.swift; sourceTree = "<group>"; };
		DCA62DF628EF64E200F87C9B /* MainView.swift */ = {isa = PBXFileReference; lastKnownFileType = sourcecode.swift; path = MainView.swift; sourceTree = "<group>"; };
		DCA62DF828F00E0900F87C9B /* SignUpView.swift */ = {isa = PBXFileReference; lastKnownFileType = sourcecode.swift; path = SignUpView.swift; sourceTree = "<group>"; };
		DCA62DFA28F00EDB00F87C9B /* AppTitleView.swift */ = {isa = PBXFileReference; lastKnownFileType = sourcecode.swift; path = AppTitleView.swift; sourceTree = "<group>"; };
		DCAEA8F82919AF0000F936E7 /* SessionTests.swift */ = {isa = PBXFileReference; lastKnownFileType = sourcecode.swift; path = SessionTests.swift; sourceTree = "<group>"; };
		DCBAD89029246B8800376A3E /* TextEditorWithPlaceholder.swift */ = {isa = PBXFileReference; lastKnownFileType = sourcecode.swift; path = TextEditorWithPlaceholder.swift; sourceTree = "<group>"; };
		DCDB7EAE2956045A00BC7BA2 /* ReauthenticationView.swift */ = {isa = PBXFileReference; fileEncoding = 4; lastKnownFileType = sourcecode.swift; path = ReauthenticationView.swift; sourceTree = "<group>"; };
		DCDBE7E62915D77A00386076 /* ContextualAlert.swift */ = {isa = PBXFileReference; lastKnownFileType = sourcecode.swift; path = ContextualAlert.swift; sourceTree = "<group>"; };
		DCDCFD1129525D5400993398 /* TopBorder.swift */ = {isa = PBXFileReference; fileEncoding = 4; lastKnownFileType = sourcecode.swift; path = TopBorder.swift; sourceTree = "<group>"; };
		DCDCFD1429525F8500993398 /* FormTextField.swift */ = {isa = PBXFileReference; fileEncoding = 4; lastKnownFileType = sourcecode.swift; path = FormTextField.swift; sourceTree = "<group>"; };
		DCEB593529500954009168BF /* EditWorkoutViewModelTests.swift */ = {isa = PBXFileReference; fileEncoding = 4; lastKnownFileType = sourcecode.swift; path = EditWorkoutViewModelTests.swift; sourceTree = "<group>"; };
		DCFBCF4B2906D5F900F0BF35 /* DebugHelpers.swift */ = {isa = PBXFileReference; lastKnownFileType = sourcecode.swift; path = DebugHelpers.swift; sourceTree = "<group>"; };
		DCFBCF4D29074B1900F0BF35 /* TextFieldStyle.swift */ = {isa = PBXFileReference; lastKnownFileType = sourcecode.swift; path = TextFieldStyle.swift; sourceTree = "<group>"; };
		DCFBCF512908B1DE00F0BF35 /* ImagePicker.swift */ = {isa = PBXFileReference; lastKnownFileType = sourcecode.swift; path = ImagePicker.swift; sourceTree = "<group>"; };
/* End PBXFileReference section */

/* Begin PBXFrameworksBuildPhase section */
		DC88597928E269E20032E0FB /* Frameworks */ = {
			isa = PBXFrameworksBuildPhase;
			buildActionMask = 2147483647;
			files = (
				DCF3238628FB37180030626C /* FirebaseFirestoreSwift in Frameworks */,
				DCF3238A28FB37180030626C /* FirebaseStorageCombine-Community in Frameworks */,
				DC2C224F294412B4005BBC19 /* FirebasePerformance in Frameworks */,
				DC5FBCAC294F809400DD3E05 /* FirebaseAnalyticsSwift in Frameworks */,
				DCF3237E28FB37180030626C /* FirebaseAuth in Frameworks */,
				DCF3238428FB37180030626C /* FirebaseFirestoreCombine-Community in Frameworks */,
				DC232BD7292B0D84007BC2ED /* SDWebImageSwiftUI in Frameworks */,
				DCF3238028FB37180030626C /* FirebaseAuthCombine-Community in Frameworks */,
				DCF3238228FB37180030626C /* FirebaseFirestore in Frameworks */,
				DC5FBCAE294F844C00DD3E05 /* FirebaseCrashlytics in Frameworks */,
				DC5FBCAA294F809400DD3E05 /* FirebaseAnalytics in Frameworks */,
				DCF3238828FB37180030626C /* FirebaseStorage in Frameworks */,
			);
			runOnlyForDeploymentPostprocessing = 0;
		};
		DC88598928E269E20032E0FB /* Frameworks */ = {
			isa = PBXFrameworksBuildPhase;
			buildActionMask = 2147483647;
			files = (
			);
			runOnlyForDeploymentPostprocessing = 0;
		};
/* End PBXFrameworksBuildPhase section */

/* Begin PBXGroup section */
		DC0571FA29391EA90037A387 /* Mock */ = {
			isa = PBXGroup;
			children = (
				DC05720A293AAF5B0037A387 /* MockAccountAPI.swift */,
				DC057213293D0DED0037A387 /* MockImageStorageAPI.swift */,
				DC4E559229464FB900C508FA /* MockProfileAPI.swift */,
				DC532D542947707B003F9E89 /* MockUserCollectionAPI.swift */,
			);
			path = Mock;
			sourceTree = "<group>";
		};
		DC0571FF293A0DC70037A387 /* Helper */ = {
			isa = PBXGroup;
			children = (
				DC7912E0291BD3140077B403 /* CombineHelper.swift */,
				DC057200293A0E720037A387 /* TestHelper.swift */,
				DC4E558E2946418A00C508FA /* Samples.swift */,
			);
			path = Helper;
			sourceTree = "<group>";
		};
		DC05720E293C24AA0037A387 /* Account */ = {
			isa = PBXGroup;
			children = (
				DCA62DF828F00E0900F87C9B /* SignUpView.swift */,
				DC8859A928E26F2B0032E0FB /* SignInView.swift */,
				DCDB7EAE2956045A00BC7BA2 /* ReauthenticationView.swift */,
			);
			path = Account;
			sourceTree = "<group>";
		};
		DC100C31294B70A800317F78 /* Model */ = {
			isa = PBXGroup;
			children = (
				DC100C32294B713300317F78 /* WorkoutTests.swift */,
				DC100C34294B76C600317F78 /* MessageTests.swift */,
				DC4E558C2946401700C508FA /* WorkoutTagsTests.swift */,
			);
			path = Model;
			sourceTree = "<group>";
		};
		DC2C224D294412B4005BBC19 /* Frameworks */ = {
			isa = PBXGroup;
			children = (
			);
			name = Frameworks;
			sourceTree = "<group>";
		};
		DC3C888228F424640065CBD6 /* Model */ = {
			isa = PBXGroup;
			children = (
				DC3C888728F42BAE0065CBD6 /* Profile.swift */,
				DC3C889C28F4C5830065CBD6 /* Workout.swift */,
				DC3C888328F426250065CBD6 /* Message.swift */,
				DC5D87B92959604E00BC1094 /* WorkoutTags.swift */,
			);
			path = Model;
			sourceTree = "<group>";
		};
		DC3C888D28F47C210065CBD6 /* Main */ = {
			isa = PBXGroup;
			children = (
				DCA62DF628EF64E200F87C9B /* MainView.swift */,
				DC1037EF28F72D75005E5B57 /* AuthenticatedMainView.swift */,
			);
			path = Main;
			sourceTree = "<group>";
		};
		DC3C888E28F47C7D0065CBD6 /* Helper */ = {
			isa = PBXGroup;
			children = (
				DC920B8429376FC0000EE664 /* Swift */,
				DC920B7B29366B44000EE664 /* Combine */,
				DC920B7829366933000EE664 /* Form */,
				DC920B6F2934B851000EE664 /* ImageHelper.swift */,
			);
			path = Helper;
			sourceTree = "<group>";
		};
		DC3C889328F4ACF80065CBD6 /* Common */ = {
			isa = PBXGroup;
			children = (
				DC3C888B28F455970065CBD6 /* SettingsView.swift */,
				DC8859AB28E26FE00032E0FB /* ProfileView.swift */,
				DC3C889A28F4C4F50065CBD6 /* WorkoutView.swift */,
				DC3C888528F426890065CBD6 /* MessageView.swift */,
			);
			path = Common;
			sourceTree = "<group>";
		};
		DC3C889428F4AD370065CBD6 /* Swimmer */ = {
			isa = PBXGroup;
			children = (
				DC3C887E28F3558E0065CBD6 /* SwimmerMainView.swift */,
				DC3C888028F35B200065CBD6 /* SwimmerMessagesView.swift */,
				DC3C889E28F4D4040065CBD6 /* SwimmerWorkoutsView.swift */,
				DC3C88A628F4F4A70065CBD6 /* SwimmerCoachView.swift */,
			);
			path = Swimmer;
			sourceTree = "<group>";
		};
		DC3C889728F4AD9C0065CBD6 /* Coach */ = {
			isa = PBXGroup;
			children = (
				DC3C888928F449140065CBD6 /* CoachMainView.swift */,
				DC9A435A2922880B00485B1F /* CoachMessagesView.swift */,
				DC3C889828F4AFED0065CBD6 /* EditMessageView.swift */,
				DC3C88A028F4DFCF0065CBD6 /* CoachWorkoutsView.swift */,
				DC3C88A228F4E1430065CBD6 /* EditWorkoutView.swift */,
				DC3C88A428F4E8EA0065CBD6 /* CoachTeamView.swift */,
			);
			path = Coach;
			sourceTree = "<group>";
		};
		DC80A58029526EC100F16CE6 /* Coach */ = {
			isa = PBXGroup;
			children = (
				DC80A57C29526E2600F16CE6 /* CoachSession.swift */,
				DC80A583295270FF00F16CE6 /* CoachMessagesViewModel.swift */,
				DC80A5852952726C00F16CE6 /* EditMessageViewModel.swift */,
				DC80A587295272F000F16CE6 /* CoachWorkoutsViewModel.swift */,
				DC80A5892952734900F16CE6 /* EditWorkoutViewModel.swift */,
				DC80A58B2952739D00F16CE6 /* CoachTeamViewModel.swift */,
			);
			path = Coach;
			sourceTree = "<group>";
		};
		DC80A58129526ECD00F16CE6 /* Swimmer */ = {
			isa = PBXGroup;
			children = (
				DC80A57E29526E7E00F16CE6 /* SwimmerSession.swift */,
				DC80A58D2952740000F16CE6 /* SwimmerMainViewModel.swift */,
				DC80A58F2952751700F16CE6 /* SwimmerMessagesViewModel.swift */,
				DC80A5912952757600F16CE6 /* SwimmerWorkoutsViewModel.swift */,
				DC80A593295275E400F16CE6 /* SwimmerCoachViewModel.swift */,
			);
			path = Swimmer;
			sourceTree = "<group>";
		};
		DC80A58229526FE400F16CE6 /* Common */ = {
			isa = PBXGroup;
			children = (
				DC2B10932950FA0B002F6641 /* UserRouter.swift */,
				DC05720F293C26510037A387 /* ProfileViewModel.swift */,
			);
			path = Common;
			sourceTree = "<group>";
		};
		DC80A59529527F5700F16CE6 /* Account */ = {
			isa = PBXGroup;
			children = (
				DC920B7329355981000EE664 /* SignSharedViewModel.swift */,
			);
			path = Account;
			sourceTree = "<group>";
		};
		DC88597328E269E10032E0FB = {
			isa = PBXGroup;
			children = (
				DC6C55052943979C009DDB0B /* .github */,
				DC6C550229435A03009DDB0B /* .gitignore */,
				DC5F47702959C4F200D6966B /* README.md */,
				DC88597E28E269E20032E0FB /* Swimmee */,
				DC88598F28E269E20032E0FB /* SwimmeeTests */,
				DC88597D28E269E20032E0FB /* Products */,
				DC2C224D294412B4005BBC19 /* Frameworks */,
			);
			sourceTree = "<group>";
		};
		DC88597D28E269E20032E0FB /* Products */ = {
			isa = PBXGroup;
			children = (
				DC88597C28E269E20032E0FB /* Swimmee.app */,
				DC88598C28E269E20032E0FB /* SwimmeeTests.xctest */,
			);
			name = Products;
			sourceTree = "<group>";
		};
		DC88597E28E269E20032E0FB /* Swimmee */ = {
			isa = PBXGroup;
			children = (
				DC2C224B2943FA6F005BBC19 /* GoogleService-Info.plist */,
				DC88598328E269E20032E0FB /* Assets.xcassets */,
				DC88598528E269E20032E0FB /* Preview Content */,
				DCF3238E28FB5BCE0030626C /* API */,
				DC3C888E28F47C7D0065CBD6 /* Helper */,
				DCDCFD18295262C500993398 /* App entry point */,
				DC3C888228F424640065CBD6 /* Model */,
				DCDCFD162952618300993398 /* View Model */,
				DCDCFD0E29525AED00993398 /* View */,
			);
			path = Swimmee;
			sourceTree = "<group>";
		};
		DC88598528E269E20032E0FB /* Preview Content */ = {
			isa = PBXGroup;
			children = (
				DC88598628E269E20032E0FB /* Preview Assets.xcassets */,
				DC2409352952A686002A4CBB /* Samples.swift */,
			);
			path = "Preview Content";
			sourceTree = "<group>";
		};
		DC88598F28E269E20032E0FB /* SwimmeeTests */ = {
			isa = PBXGroup;
			children = (
				DC0571FF293A0DC70037A387 /* Helper */,
				DC0571FA29391EA90037A387 /* Mock */,
				DC100C31294B70A800317F78 /* Model */,
				DCDCFD192952650800993398 /* Global */,
				DCDCFD1A2952658200993398 /* Account */,
				DCDCFD1B295265A100993398 /* Common */,
				DCDCFD1C295265CB00993398 /* Coach */,
				DCDCFD1D2952660100993398 /* Swimmer */,
			);
			path = SwimmeeTests;
			sourceTree = "<group>";
		};
		DC920B7829366933000EE664 /* Form */ = {
			isa = PBXGroup;
			children = (
				DC920B7629355ABF000EE664 /* ValueValidation.swift */,
				DC920B79293669D0000EE664 /* FieldStatus.swift */,
			);
			path = Form;
			sourceTree = "<group>";
		};
		DC920B7B29366B44000EE664 /* Combine */ = {
			isa = PBXGroup;
			children = (
				DC863A502920531900934B62 /* PublisherExtension.swift */,
				DC920B7C29366BB4000EE664 /* CollectionCombineLatest.swift */,
			);
			path = Combine;
			sourceTree = "<group>";
		};
		DC920B8429376FC0000EE664 /* Swift */ = {
			isa = PBXGroup;
			children = (
				DC057208293A9CDB0037A387 /* CustomError.swift */,
				DC78CA68295B8CBB00102FAD /* DateExtension.swift */,
				DC546F7F295BAF7D00114C14 /* TimeHelper.swift */,
			);
			path = Swift;
			sourceTree = "<group>";
		};
		DCBAD88F29246B0800376A3E /* Component */ = {
			isa = PBXGroup;
			children = (
				DCA62DFA28F00EDB00F87C9B /* AppTitleView.swift */,
				DC3C888F28F4A38D0065CBD6 /* MenuLabel.swift */,
				DCFBCF512908B1DE00F0BF35 /* ImagePicker.swift */,
				DCDCFD1429525F8500993398 /* FormTextField.swift */,
				DCBAD89029246B8800376A3E /* TextEditorWithPlaceholder.swift */,
				DC232BD8292B7D81007BC2ED /* UserCellView.swift */,
				DC85478F29539FA200A09A02 /* ButtonWithConfirmation.swift */,
			);
			path = Component;
			sourceTree = "<group>";
		};
		DCDBE7E8291844F600386076 /* Protocol */ = {
			isa = PBXGroup;
			children = (
				DC5D87B72959351F00BC1094 /* DbIdentifiable.swift */,
				DC2C22442943C7B0005BBC19 /* AccountAPI.swift */,
				DC7477682953377C00B61A9D /* ImageStorageAPI.swift */,
				DC057217293EAFC00037A387 /* ProfileAPI.swift */,
				DC057215293E54DF0037A387 /* UserCollectionAPI.swift */,
			);
			path = Protocol;
			sourceTree = "<group>";
		};
		DCDCFD0E29525AED00993398 /* View */ = {
			isa = PBXGroup;
			children = (
				DCDCFD0F29525BBB00993398 /* Shared */,
				DC3C888D28F47C210065CBD6 /* Main */,
				DC05720E293C24AA0037A387 /* Account */,
				DC3C889328F4ACF80065CBD6 /* Common */,
				DC3C889728F4AD9C0065CBD6 /* Coach */,
				DC3C889428F4AD370065CBD6 /* Swimmer */,
			);
			path = View;
			sourceTree = "<group>";
		};
		DCDCFD0F29525BBB00993398 /* Shared */ = {
			isa = PBXGroup;
			children = (
				DC920B652933CE4D000EE664 /* LoadingView.swift */,
				DCDCFD1329525EB900993398 /* Helper */,
				DCBAD88F29246B0800376A3E /* Component */,
				DCDCFD1029525C5700993398 /* View Modifier */,
			);
			path = Shared;
			sourceTree = "<group>";
		};
		DCDCFD1029525C5700993398 /* View Modifier */ = {
			isa = PBXGroup;
			children = (
				DC3C889128F4AA2B0065CBD6 /* ViewModifierExtension.swift */,
				DCDBE7E62915D77A00386076 /* ContextualAlert.swift */,
				DCFBCF4D29074B1900F0BF35 /* TextFieldStyle.swift */,
				DCDCFD1129525D5400993398 /* TopBorder.swift */,
			);
			path = "View Modifier";
			sourceTree = "<group>";
		};
		DCDCFD1329525EB900993398 /* Helper */ = {
			isa = PBXGroup;
			children = (
				DC81D643295545C8008EFCF9 /* HideKeyboard.swift */,
				DCFBCF4B2906D5F900F0BF35 /* DebugHelpers.swift */,
			);
			path = Helper;
			sourceTree = "<group>";
		};
		DCDCFD162952618300993398 /* View Model */ = {
			isa = PBXGroup;
			children = (
				DCDCFD1F295269D200993398 /* Shared */,
				DCDCFD1E2952694D00993398 /* Main */,
				DC80A59529527F5700F16CE6 /* Account */,
				DC80A58229526FE400F16CE6 /* Common */,
				DC80A58029526EC100F16CE6 /* Coach */,
				DC80A58129526ECD00F16CE6 /* Swimmer */,
			);
			path = "View Model";
			sourceTree = "<group>";
		};
		DCDCFD172952619900993398 /* Helper */ = {
			isa = PBXGroup;
			children = (
				DC920B7E29367556000EE664 /* PhotoInfoEdited.swift */,
			);
			path = Helper;
			sourceTree = "<group>";
		};
		DCDCFD18295262C500993398 /* App entry point */ = {
			isa = PBXGroup;
			children = (
				DC2C22462943E2CA005BBC19 /* SwimmeeMain.swift */,
				DC2C22482943F031005BBC19 /* SwimmeeAppForTesting.swift */,
				DC88597F28E269E20032E0FB /* SwimmeeApp.swift */,
			);
			path = "App entry point";
			sourceTree = "<group>";
		};
		DCDCFD192952650800993398 /* Global */ = {
			isa = PBXGroup;
			children = (
				DCAEA8F82919AF0000F936E7 /* SessionTests.swift */,
				DC73812329491CC400B46184 /* UserInfosTests.swift */,
				DC0C05BF2948F7C80014C829 /* CoachSessionTests.swift */,
				DC0C05C12948F8490014C829 /* SwimmerSessionTests.swift */,
			);
			path = Global;
			sourceTree = "<group>";
		};
		DCDCFD1A2952658200993398 /* Account */ = {
			isa = PBXGroup;
			children = (
				DC0571F829391AE80037A387 /* SignSharedViewModelTests.swift */,
			);
			path = Account;
			sourceTree = "<group>";
		};
		DCDCFD1B295265A100993398 /* Common */ = {
			isa = PBXGroup;
			children = (
				DC5D9B3C294A718B00C771C5 /* PhotoInfoEditedTests.swift */,
				DC057211293C29000037A387 /* ProfileViewModelTests.swift */,
			);
			path = Common;
			sourceTree = "<group>";
		};
		DCDCFD1C295265CB00993398 /* Coach */ = {
			isa = PBXGroup;
			children = (
				DC762F512947F65A00B0767A /* CoachWorkoutsViewModelTests.swift */,
				DC762F4F2947E3B400B0767A /* CoachMessagesViewModelTests.swift */,
				DCEB593529500954009168BF /* EditWorkoutViewModelTests.swift */,
				DC556816294FD51400A20D52 /* EditMessageViewModelTests.swift */,
				DC4E559029464EEA00C508FA /* CoachTeamViewModelTests.swift */,
			);
			path = Coach;
			sourceTree = "<group>";
		};
		DCDCFD1D2952660100993398 /* Swimmer */ = {
			isa = PBXGroup;
			children = (
				DC762F4D2947E14D00B0767A /* SwimmerWorkoutsViewModelTests.swift */,
				DC532D5229476F75003F9E89 /* SwimmerMessagesViewModelTests.swift */,
				DC150D562946A678001DB9B0 /* SwimmerCoachViewModelTests.swift */,
			);
			path = Swimmer;
			sourceTree = "<group>";
		};
		DCDCFD1E2952694D00993398 /* Main */ = {
			isa = PBXGroup;
			children = (
				DC80A57A29526B9400F16CE6 /* Session.swift */,
				DC0C05BD2948EE970014C829 /* UserInfos.swift */,
			);
			path = Main;
			sourceTree = "<group>";
		};
		DCDCFD1F295269D200993398 /* Shared */ = {
			isa = PBXGroup;
			children = (
				DCDCFD172952619900993398 /* Helper */,
			);
			path = Shared;
			sourceTree = "<group>";
		};
		DCF3238E28FB5BCE0030626C /* API */ = {
			isa = PBXGroup;
			children = (
				DCDBE7E8291844F600386076 /* Protocol */,
				DC6CCE31290FC4FF00DB8427 /* API.swift */,
				DC057204293A1EBC0037A387 /* FirebaseAccountAPI.swift */,
				DC3E998E28FF42C3008E274C /* FirebaseImageStorageAPI.swift */,
				DC6CCE332910841B00DB8427 /* FirestoreProfileAPI.swift */,
				DC6CCE2F290E8CD800DB8427 /* FirestoreUserCollectionAPI.swift */,
				DC9A434E2921950100485B1F /* FirestoreExtension.swift */,
			);
			path = API;
			sourceTree = "<group>";
		};
/* End PBXGroup section */

/* Begin PBXNativeTarget section */
		DC88597B28E269E20032E0FB /* Swimmee */ = {
			isa = PBXNativeTarget;
			buildConfigurationList = DC8859A028E269E20032E0FB /* Build configuration list for PBXNativeTarget "Swimmee" */;
			buildPhases = (
				DC88597828E269E20032E0FB /* Sources */,
				DC88597928E269E20032E0FB /* Frameworks */,
				DC88597A28E269E20032E0FB /* Resources */,
				DC5FBCAF294F866800DD3E05 /* ShellScript */,
			);
			buildRules = (
			);
			dependencies = (
			);
			name = Swimmee;
			packageProductDependencies = (
				DCF3237D28FB37180030626C /* FirebaseAuth */,
				DCF3237F28FB37180030626C /* FirebaseAuthCombine-Community */,
				DCF3238128FB37180030626C /* FirebaseFirestore */,
				DCF3238328FB37180030626C /* FirebaseFirestoreCombine-Community */,
				DCF3238528FB37180030626C /* FirebaseFirestoreSwift */,
				DCF3238728FB37180030626C /* FirebaseStorage */,
				DCF3238928FB37180030626C /* FirebaseStorageCombine-Community */,
				DC232BD6292B0D84007BC2ED /* SDWebImageSwiftUI */,
				DC2C224E294412B4005BBC19 /* FirebasePerformance */,
				DC5FBCA9294F809400DD3E05 /* FirebaseAnalytics */,
				DC5FBCAB294F809400DD3E05 /* FirebaseAnalyticsSwift */,
				DC5FBCAD294F844C00DD3E05 /* FirebaseCrashlytics */,
			);
			productName = Swimmee;
			productReference = DC88597C28E269E20032E0FB /* Swimmee.app */;
			productType = "com.apple.product-type.application";
		};
		DC88598B28E269E20032E0FB /* SwimmeeTests */ = {
			isa = PBXNativeTarget;
			buildConfigurationList = DC8859A328E269E20032E0FB /* Build configuration list for PBXNativeTarget "SwimmeeTests" */;
			buildPhases = (
				DC88598828E269E20032E0FB /* Sources */,
				DC88598928E269E20032E0FB /* Frameworks */,
				DC88598A28E269E20032E0FB /* Resources */,
			);
			buildRules = (
			);
			dependencies = (
				DC88598E28E269E20032E0FB /* PBXTargetDependency */,
			);
			name = SwimmeeTests;
			productName = SwimmeeTests;
			productReference = DC88598C28E269E20032E0FB /* SwimmeeTests.xctest */;
			productType = "com.apple.product-type.bundle.unit-test";
		};
/* End PBXNativeTarget section */

/* Begin PBXProject section */
		DC88597428E269E10032E0FB /* Project object */ = {
			isa = PBXProject;
			attributes = {
				BuildIndependentTargetsInParallel = 1;
				LastSwiftUpdateCheck = 1400;
				LastUpgradeCheck = 1400;
				TargetAttributes = {
					DC88597B28E269E20032E0FB = {
						CreatedOnToolsVersion = 14.0.1;
					};
					DC88598B28E269E20032E0FB = {
						CreatedOnToolsVersion = 14.0.1;
						TestTargetID = DC88597B28E269E20032E0FB;
					};
				};
			};
			buildConfigurationList = DC88597728E269E10032E0FB /* Build configuration list for PBXProject "Swimmee" */;
			compatibilityVersion = "Xcode 13.0";
			developmentRegion = en;
			hasScannedForEncodings = 0;
			knownRegions = (
				en,
				Base,
			);
			mainGroup = DC88597328E269E10032E0FB;
			packageReferences = (
				DCF3237C28FB37180030626C /* XCRemoteSwiftPackageReference "firebase-ios-sdk" */,
				DC232BD5292B0D84007BC2ED /* XCRemoteSwiftPackageReference "SDWebImageSwiftUI" */,
			);
			productRefGroup = DC88597D28E269E20032E0FB /* Products */;
			projectDirPath = "";
			projectRoot = "";
			targets = (
				DC88597B28E269E20032E0FB /* Swimmee */,
				DC88598B28E269E20032E0FB /* SwimmeeTests */,
			);
		};
/* End PBXProject section */

/* Begin PBXResourcesBuildPhase section */
		DC88597A28E269E20032E0FB /* Resources */ = {
			isa = PBXResourcesBuildPhase;
			buildActionMask = 2147483647;
			files = (
				DC88598728E269E20032E0FB /* Preview Assets.xcassets in Resources */,
				DC88598428E269E20032E0FB /* Assets.xcassets in Resources */,
				DC5F47712959C4F200D6966B /* README.md in Resources */,
				DC2C224C2943FA6F005BBC19 /* GoogleService-Info.plist in Resources */,
			);
			runOnlyForDeploymentPostprocessing = 0;
		};
		DC88598A28E269E20032E0FB /* Resources */ = {
			isa = PBXResourcesBuildPhase;
			buildActionMask = 2147483647;
			files = (
			);
			runOnlyForDeploymentPostprocessing = 0;
		};
/* End PBXResourcesBuildPhase section */

/* Begin PBXShellScriptBuildPhase section */
		DC5FBCAF294F866800DD3E05 /* ShellScript */ = {
			isa = PBXShellScriptBuildPhase;
			buildActionMask = 8;
			files = (
			);
			inputFileListPaths = (
			);
			inputPaths = (
				"${DWARF_DSYM_FOLDER_PATH}/${DWARF_DSYM_FILE_NAME}/Contents/Resources/DWARF/${TARGET_NAME}",
				"$(SRCROOT)/$(BUILT_PRODUCTS_DIR)/$(INFOPLIST_PATH)",
			);
			outputFileListPaths = (
			);
			outputPaths = (
			);
			runOnlyForDeploymentPostprocessing = 1;
			shellPath = /bin/sh;
			shellScript = "\"${BUILD_DIR%/Build/*}/SourcePackages/checkouts/firebase-ios-sdk/Crashlytics/run\"\n";
		};
/* End PBXShellScriptBuildPhase section */

/* Begin PBXSourcesBuildPhase section */
		DC88597828E269E20032E0FB /* Sources */ = {
			isa = PBXSourcesBuildPhase;
			buildActionMask = 2147483647;
			files = (
				DC80A5862952726C00F16CE6 /* EditMessageViewModel.swift in Sources */,
				DC8859AC28E26FE00032E0FB /* ProfileView.swift in Sources */,
				DC3C88A128F4DFCF0065CBD6 /* CoachWorkoutsView.swift in Sources */,
				DC2409362952A686002A4CBB /* Samples.swift in Sources */,
				DC920B7429355981000EE664 /* SignSharedViewModel.swift in Sources */,
				DC78CA69295B8CBB00102FAD /* DateExtension.swift in Sources */,
				DC80A58C2952739D00F16CE6 /* CoachTeamViewModel.swift in Sources */,
				DCDCFD1529525F8500993398 /* FormTextField.swift in Sources */,
				DC2C22472943E2CA005BBC19 /* SwimmeeMain.swift in Sources */,
				DCA62DF728EF64E200F87C9B /* MainView.swift in Sources */,
				DC5D87BA2959604E00BC1094 /* WorkoutTags.swift in Sources */,
				DC8859AA28E26F2B0032E0FB /* SignInView.swift in Sources */,
				DCDCFD1229525D5400993398 /* TopBorder.swift in Sources */,
				DC3C888828F42BAE0065CBD6 /* Profile.swift in Sources */,
				DC0C05BE2948EE970014C829 /* UserInfos.swift in Sources */,
				DC057205293A1EBC0037A387 /* FirebaseAccountAPI.swift in Sources */,
				DC80A57D29526E2600F16CE6 /* CoachSession.swift in Sources */,
				DCBAD89129246B8800376A3E /* TextEditorWithPlaceholder.swift in Sources */,
				DCA62DFB28F00EDB00F87C9B /* AppTitleView.swift in Sources */,
				DC80A588295272F000F16CE6 /* CoachWorkoutsViewModel.swift in Sources */,
				DC80A5922952757600F16CE6 /* SwimmerWorkoutsViewModel.swift in Sources */,
				DC2B10942950FA0B002F6641 /* UserRouter.swift in Sources */,
				DCFBCF522908B1DE00F0BF35 /* ImagePicker.swift in Sources */,
				DC80A58E2952740000F16CE6 /* SwimmerMainViewModel.swift in Sources */,
				DCA62DF928F00E0900F87C9B /* SignUpView.swift in Sources */,
				DC80A5902952751700F16CE6 /* SwimmerMessagesViewModel.swift in Sources */,
				DC057218293EAFC00037A387 /* ProfileAPI.swift in Sources */,
				DC2C22452943C7B0005BBC19 /* AccountAPI.swift in Sources */,
				DC80A57B29526B9400F16CE6 /* Session.swift in Sources */,
				DC80A594295275E400F16CE6 /* SwimmerCoachViewModel.swift in Sources */,
				DC6CCE32290FC4FF00DB8427 /* API.swift in Sources */,
				DC3C888628F426890065CBD6 /* MessageView.swift in Sources */,
				DC3C889B28F4C4F50065CBD6 /* WorkoutView.swift in Sources */,
				DC920B662933CE4D000EE664 /* LoadingView.swift in Sources */,
				DC3C88A728F4F4A70065CBD6 /* SwimmerCoachView.swift in Sources */,
				DC80A584295270FF00F16CE6 /* CoachMessagesViewModel.swift in Sources */,
				DC3C888A28F449140065CBD6 /* CoachMainView.swift in Sources */,
				DC7477692953377C00B61A9D /* ImageStorageAPI.swift in Sources */,
				DC3C888C28F455970065CBD6 /* SettingsView.swift in Sources */,
				DC85479029539FA200A09A02 /* ButtonWithConfirmation.swift in Sources */,
				DC920B702934B851000EE664 /* ImageHelper.swift in Sources */,
				DC2C22492943F031005BBC19 /* SwimmeeAppForTesting.swift in Sources */,
				DC80A57F29526E7E00F16CE6 /* SwimmerSession.swift in Sources */,
				DC5D87B82959351F00BC1094 /* DbIdentifiable.swift in Sources */,
				DC3C889F28F4D4040065CBD6 /* SwimmerWorkoutsView.swift in Sources */,
				DC863A512920531900934B62 /* PublisherExtension.swift in Sources */,
				DC057216293E54DF0037A387 /* UserCollectionAPI.swift in Sources */,
				DC81D644295545C8008EFCF9 /* HideKeyboard.swift in Sources */,
				DC3C888128F35B200065CBD6 /* SwimmerMessagesView.swift in Sources */,
				DC80A58A2952734900F16CE6 /* EditWorkoutViewModel.swift in Sources */,
				DC232BD9292B7D81007BC2ED /* UserCellView.swift in Sources */,
				DC920B7D29366BB4000EE664 /* CollectionCombineLatest.swift in Sources */,
				DC3C88A328F4E1430065CBD6 /* EditWorkoutView.swift in Sources */,
				DC6CCE30290E8CD800DB8427 /* FirestoreUserCollectionAPI.swift in Sources */,
				DC920B7729355ABF000EE664 /* ValueValidation.swift in Sources */,
				DC920B7F29367556000EE664 /* PhotoInfoEdited.swift in Sources */,
				DCFBCF4E29074B1900F0BF35 /* TextFieldStyle.swift in Sources */,
				DC3C889228F4AA2B0065CBD6 /* ViewModifierExtension.swift in Sources */,
				DCDB7EAF2956045A00BC7BA2 /* ReauthenticationView.swift in Sources */,
				DC88598028E269E20032E0FB /* SwimmeeApp.swift in Sources */,
				DC3E998F28FF42C3008E274C /* FirebaseImageStorageAPI.swift in Sources */,
				DC3C888428F426250065CBD6 /* Message.swift in Sources */,
				DC057210293C26510037A387 /* ProfileViewModel.swift in Sources */,
				DC9A434F2921950100485B1F /* FirestoreExtension.swift in Sources */,
				DC3C88A528F4E8EA0065CBD6 /* CoachTeamView.swift in Sources */,
				DC9A435B2922880B00485B1F /* CoachMessagesView.swift in Sources */,
				DC057209293A9CDB0037A387 /* CustomError.swift in Sources */,
				DC920B7A293669D0000EE664 /* FieldStatus.swift in Sources */,
				DC3C889D28F4C5830065CBD6 /* Workout.swift in Sources */,
				DC1037F028F72D75005E5B57 /* AuthenticatedMainView.swift in Sources */,
				DCDBE7E72915D77A00386076 /* ContextualAlert.swift in Sources */,
				DC546F80295BAF7D00114C14 /* TimeHelper.swift in Sources */,
				DC3C887F28F3558E0065CBD6 /* SwimmerMainView.swift in Sources */,
				DCFBCF4C2906D5F900F0BF35 /* DebugHelpers.swift in Sources */,
				DC3C889928F4AFED0065CBD6 /* EditMessageView.swift in Sources */,
				DC3C889028F4A38D0065CBD6 /* MenuLabel.swift in Sources */,
				DC6CCE342910841B00DB8427 /* FirestoreProfileAPI.swift in Sources */,
			);
			runOnlyForDeploymentPostprocessing = 0;
		};
		DC88598828E269E20032E0FB /* Sources */ = {
			isa = PBXSourcesBuildPhase;
			buildActionMask = 2147483647;
			files = (
				DC0571F929391AE80037A387 /* SignSharedViewModelTests.swift in Sources */,
				DC057201293A0E720037A387 /* TestHelper.swift in Sources */,
				DC762F502947E3B400B0767A /* CoachMessagesViewModelTests.swift in Sources */,
				DC5D9B3D294A718B00C771C5 /* PhotoInfoEditedTests.swift in Sources */,
				DC4E558D2946401700C508FA /* WorkoutTagsTests.swift in Sources */,
				DC4E558F2946418A00C508FA /* Samples.swift in Sources */,
				DC762F522947F65A00B0767A /* CoachWorkoutsViewModelTests.swift in Sources */,
				DC057214293D0DED0037A387 /* MockImageStorageAPI.swift in Sources */,
				DCAEA8F92919AF0000F936E7 /* SessionTests.swift in Sources */,
				DC7912E1291BD3140077B403 /* CombineHelper.swift in Sources */,
				DC762F4E2947E14D00B0767A /* SwimmerWorkoutsViewModelTests.swift in Sources */,
				DC0C05C22948F8490014C829 /* SwimmerSessionTests.swift in Sources */,
				DC556817294FD51400A20D52 /* EditMessageViewModelTests.swift in Sources */,
				DC532D5329476F75003F9E89 /* SwimmerMessagesViewModelTests.swift in Sources */,
				DC100C35294B76C600317F78 /* MessageTests.swift in Sources */,
				DC4E559129464EEA00C508FA /* CoachTeamViewModelTests.swift in Sources */,
				DCEB593629500954009168BF /* EditWorkoutViewModelTests.swift in Sources */,
				DC73812429491CC400B46184 /* UserInfosTests.swift in Sources */,
				DC100C33294B713300317F78 /* WorkoutTests.swift in Sources */,
				DC4E559329464FB900C508FA /* MockProfileAPI.swift in Sources */,
				DC0C05C02948F7C80014C829 /* CoachSessionTests.swift in Sources */,
				DC150D572946A678001DB9B0 /* SwimmerCoachViewModelTests.swift in Sources */,
				DC532D552947707B003F9E89 /* MockUserCollectionAPI.swift in Sources */,
				DC057212293C29000037A387 /* ProfileViewModelTests.swift in Sources */,
				DC05720B293AAF5B0037A387 /* MockAccountAPI.swift in Sources */,
			);
			runOnlyForDeploymentPostprocessing = 0;
		};
/* End PBXSourcesBuildPhase section */

/* Begin PBXTargetDependency section */
		DC88598E28E269E20032E0FB /* PBXTargetDependency */ = {
			isa = PBXTargetDependency;
			target = DC88597B28E269E20032E0FB /* Swimmee */;
			targetProxy = DC88598D28E269E20032E0FB /* PBXContainerItemProxy */;
		};
/* End PBXTargetDependency section */

/* Begin XCBuildConfiguration section */
		DC88599E28E269E20032E0FB /* Debug */ = {
			isa = XCBuildConfiguration;
			buildSettings = {
				ALWAYS_SEARCH_USER_PATHS = NO;
				CLANG_ANALYZER_NONNULL = YES;
				CLANG_ANALYZER_NUMBER_OBJECT_CONVERSION = YES_AGGRESSIVE;
				CLANG_CXX_LANGUAGE_STANDARD = "gnu++20";
				CLANG_ENABLE_MODULES = YES;
				CLANG_ENABLE_OBJC_ARC = YES;
				CLANG_ENABLE_OBJC_WEAK = YES;
				CLANG_WARN_BLOCK_CAPTURE_AUTORELEASING = YES;
				CLANG_WARN_BOOL_CONVERSION = YES;
				CLANG_WARN_COMMA = YES;
				CLANG_WARN_CONSTANT_CONVERSION = YES;
				CLANG_WARN_DEPRECATED_OBJC_IMPLEMENTATIONS = YES;
				CLANG_WARN_DIRECT_OBJC_ISA_USAGE = YES_ERROR;
				CLANG_WARN_DOCUMENTATION_COMMENTS = YES;
				CLANG_WARN_EMPTY_BODY = YES;
				CLANG_WARN_ENUM_CONVERSION = YES;
				CLANG_WARN_INFINITE_RECURSION = YES;
				CLANG_WARN_INT_CONVERSION = YES;
				CLANG_WARN_NON_LITERAL_NULL_CONVERSION = YES;
				CLANG_WARN_OBJC_IMPLICIT_RETAIN_SELF = YES;
				CLANG_WARN_OBJC_LITERAL_CONVERSION = YES;
				CLANG_WARN_OBJC_ROOT_CLASS = YES_ERROR;
				CLANG_WARN_QUOTED_INCLUDE_IN_FRAMEWORK_HEADER = YES;
				CLANG_WARN_RANGE_LOOP_ANALYSIS = YES;
				CLANG_WARN_STRICT_PROTOTYPES = YES;
				CLANG_WARN_SUSPICIOUS_MOVE = YES;
				CLANG_WARN_UNGUARDED_AVAILABILITY = YES_AGGRESSIVE;
				CLANG_WARN_UNREACHABLE_CODE = YES;
				CLANG_WARN__DUPLICATE_METHOD_MATCH = YES;
				COPY_PHASE_STRIP = NO;
				DEBUG_INFORMATION_FORMAT = dwarf;
				ENABLE_STRICT_OBJC_MSGSEND = YES;
				ENABLE_TESTABILITY = YES;
				GCC_C_LANGUAGE_STANDARD = gnu11;
				GCC_DYNAMIC_NO_PIC = NO;
				GCC_NO_COMMON_BLOCKS = YES;
				GCC_OPTIMIZATION_LEVEL = 0;
				GCC_PREPROCESSOR_DEFINITIONS = (
					"DEBUG=1",
					"$(inherited)",
				);
				GCC_WARN_64_TO_32_BIT_CONVERSION = YES;
				GCC_WARN_ABOUT_RETURN_TYPE = YES_ERROR;
				GCC_WARN_UNDECLARED_SELECTOR = YES;
				GCC_WARN_UNINITIALIZED_AUTOS = YES_AGGRESSIVE;
				GCC_WARN_UNUSED_FUNCTION = YES;
				GCC_WARN_UNUSED_VARIABLE = YES;
				IPHONEOS_DEPLOYMENT_TARGET = 15.5;
				MTL_ENABLE_DEBUG_INFO = INCLUDE_SOURCE;
				MTL_FAST_MATH = YES;
				ONLY_ACTIVE_ARCH = YES;
				SDKROOT = iphoneos;
				SWIFT_ACTIVE_COMPILATION_CONDITIONS = DEBUG;
				SWIFT_OPTIMIZATION_LEVEL = "-Onone";
			};
			name = Debug;
		};
		DC88599F28E269E20032E0FB /* Release */ = {
			isa = XCBuildConfiguration;
			buildSettings = {
				ALWAYS_SEARCH_USER_PATHS = NO;
				CLANG_ANALYZER_NONNULL = YES;
				CLANG_ANALYZER_NUMBER_OBJECT_CONVERSION = YES_AGGRESSIVE;
				CLANG_CXX_LANGUAGE_STANDARD = "gnu++20";
				CLANG_ENABLE_MODULES = YES;
				CLANG_ENABLE_OBJC_ARC = YES;
				CLANG_ENABLE_OBJC_WEAK = YES;
				CLANG_WARN_BLOCK_CAPTURE_AUTORELEASING = YES;
				CLANG_WARN_BOOL_CONVERSION = YES;
				CLANG_WARN_COMMA = YES;
				CLANG_WARN_CONSTANT_CONVERSION = YES;
				CLANG_WARN_DEPRECATED_OBJC_IMPLEMENTATIONS = YES;
				CLANG_WARN_DIRECT_OBJC_ISA_USAGE = YES_ERROR;
				CLANG_WARN_DOCUMENTATION_COMMENTS = YES;
				CLANG_WARN_EMPTY_BODY = YES;
				CLANG_WARN_ENUM_CONVERSION = YES;
				CLANG_WARN_INFINITE_RECURSION = YES;
				CLANG_WARN_INT_CONVERSION = YES;
				CLANG_WARN_NON_LITERAL_NULL_CONVERSION = YES;
				CLANG_WARN_OBJC_IMPLICIT_RETAIN_SELF = YES;
				CLANG_WARN_OBJC_LITERAL_CONVERSION = YES;
				CLANG_WARN_OBJC_ROOT_CLASS = YES_ERROR;
				CLANG_WARN_QUOTED_INCLUDE_IN_FRAMEWORK_HEADER = YES;
				CLANG_WARN_RANGE_LOOP_ANALYSIS = YES;
				CLANG_WARN_STRICT_PROTOTYPES = YES;
				CLANG_WARN_SUSPICIOUS_MOVE = YES;
				CLANG_WARN_UNGUARDED_AVAILABILITY = YES_AGGRESSIVE;
				CLANG_WARN_UNREACHABLE_CODE = YES;
				CLANG_WARN__DUPLICATE_METHOD_MATCH = YES;
				COPY_PHASE_STRIP = NO;
				DEBUG_INFORMATION_FORMAT = "dwarf-with-dsym";
				ENABLE_NS_ASSERTIONS = NO;
				ENABLE_STRICT_OBJC_MSGSEND = YES;
				GCC_C_LANGUAGE_STANDARD = gnu11;
				GCC_NO_COMMON_BLOCKS = YES;
				GCC_WARN_64_TO_32_BIT_CONVERSION = YES;
				GCC_WARN_ABOUT_RETURN_TYPE = YES_ERROR;
				GCC_WARN_UNDECLARED_SELECTOR = YES;
				GCC_WARN_UNINITIALIZED_AUTOS = YES_AGGRESSIVE;
				GCC_WARN_UNUSED_FUNCTION = YES;
				GCC_WARN_UNUSED_VARIABLE = YES;
				IPHONEOS_DEPLOYMENT_TARGET = 15.5;
				MTL_ENABLE_DEBUG_INFO = NO;
				MTL_FAST_MATH = YES;
				SDKROOT = iphoneos;
				SWIFT_COMPILATION_MODE = wholemodule;
				SWIFT_OPTIMIZATION_LEVEL = "-O";
				VALIDATE_PRODUCT = YES;
			};
			name = Release;
		};
		DC8859A128E269E20032E0FB /* Debug */ = {
			isa = XCBuildConfiguration;
			buildSettings = {
				ASSETCATALOG_COMPILER_APPICON_NAME = AppIcon;
				ASSETCATALOG_COMPILER_GLOBAL_ACCENT_COLOR_NAME = AccentColor;
				CODE_SIGN_STYLE = Automatic;
				CURRENT_PROJECT_VERSION = 1;
				DEBUG_INFORMATION_FORMAT = "dwarf-with-dsym";
				DEVELOPMENT_ASSET_PATHS = "\"Swimmee/Preview Content\"";
				DEVELOPMENT_TEAM = WX78P38A6L;
				ENABLE_PREVIEWS = YES;
				GENERATE_INFOPLIST_FILE = YES;
				INFOPLIST_KEY_NSCameraUsageDescription = "The camera will be used for the profile photo.";
				INFOPLIST_KEY_UIApplicationSceneManifest_Generation = YES;
				INFOPLIST_KEY_UIApplicationSupportsIndirectInputEvents = YES;
				INFOPLIST_KEY_UILaunchScreen_Generation = YES;
				INFOPLIST_KEY_UISupportedInterfaceOrientations_iPad = "UIInterfaceOrientationPortrait UIInterfaceOrientationPortraitUpsideDown UIInterfaceOrientationLandscapeLeft UIInterfaceOrientationLandscapeRight";
				INFOPLIST_KEY_UISupportedInterfaceOrientations_iPhone = "UIInterfaceOrientationPortrait UIInterfaceOrientationLandscapeLeft UIInterfaceOrientationLandscapeRight";
				IPHONEOS_DEPLOYMENT_TARGET = 15.5;
				LD_RUNPATH_SEARCH_PATHS = (
					"$(inherited)",
					"@executable_path/Frameworks",
				);
				MARKETING_VERSION = 1.0;
				PRODUCT_BUNDLE_IDENTIFIER = com.rodriced.Swimmee;
				PRODUCT_NAME = "$(TARGET_NAME)";
				SWIFT_EMIT_LOC_STRINGS = YES;
				SWIFT_VERSION = 5.0;
				TARGETED_DEVICE_FAMILY = "1,2";
			};
			name = Debug;
		};
		DC8859A228E269E20032E0FB /* Release */ = {
			isa = XCBuildConfiguration;
			buildSettings = {
				ASSETCATALOG_COMPILER_APPICON_NAME = AppIcon;
				ASSETCATALOG_COMPILER_GLOBAL_ACCENT_COLOR_NAME = AccentColor;
				CODE_SIGN_STYLE = Automatic;
				CURRENT_PROJECT_VERSION = 1;
				DEVELOPMENT_ASSET_PATHS = "\"Swimmee/Preview Content\"";
				DEVELOPMENT_TEAM = WX78P38A6L;
				ENABLE_PREVIEWS = YES;
				GENERATE_INFOPLIST_FILE = YES;
				INFOPLIST_KEY_NSCameraUsageDescription = "The camera will be used for the profile photo.";
				INFOPLIST_KEY_UIApplicationSceneManifest_Generation = YES;
				INFOPLIST_KEY_UIApplicationSupportsIndirectInputEvents = YES;
				INFOPLIST_KEY_UILaunchScreen_Generation = YES;
				INFOPLIST_KEY_UISupportedInterfaceOrientations_iPad = "UIInterfaceOrientationPortrait UIInterfaceOrientationPortraitUpsideDown UIInterfaceOrientationLandscapeLeft UIInterfaceOrientationLandscapeRight";
				INFOPLIST_KEY_UISupportedInterfaceOrientations_iPhone = "UIInterfaceOrientationPortrait UIInterfaceOrientationLandscapeLeft UIInterfaceOrientationLandscapeRight";
				IPHONEOS_DEPLOYMENT_TARGET = 15.5;
				LD_RUNPATH_SEARCH_PATHS = (
					"$(inherited)",
					"@executable_path/Frameworks",
				);
				MARKETING_VERSION = 1.0;
				PRODUCT_BUNDLE_IDENTIFIER = com.rodriced.Swimmee;
				PRODUCT_NAME = "$(TARGET_NAME)";
				SWIFT_EMIT_LOC_STRINGS = YES;
				SWIFT_VERSION = 5.0;
				TARGETED_DEVICE_FAMILY = "1,2";
			};
			name = Release;
		};
		DC8859A428E269E20032E0FB /* Debug */ = {
			isa = XCBuildConfiguration;
			buildSettings = {
				ALWAYS_EMBED_SWIFT_STANDARD_LIBRARIES = YES;
				BUNDLE_LOADER = "$(TEST_HOST)";
				CODE_SIGN_STYLE = Automatic;
				CURRENT_PROJECT_VERSION = 1;
				DEVELOPMENT_TEAM = WX78P38A6L;
				GENERATE_INFOPLIST_FILE = YES;
				IPHONEOS_DEPLOYMENT_TARGET = 15.5;
				MARKETING_VERSION = 1.0;
				OTHER_SWIFT_FLAGS = "";
				PRODUCT_BUNDLE_IDENTIFIER = com.rodriced.SwimmeeTests;
				PRODUCT_NAME = "$(TARGET_NAME)";
				SWIFT_EMIT_LOC_STRINGS = NO;
				SWIFT_VERSION = 5.0;
				TARGETED_DEVICE_FAMILY = "1,2";
				TEST_HOST = "$(BUILT_PRODUCTS_DIR)/Swimmee.app/Swimmee";
			};
			name = Debug;
		};
		DC8859A528E269E20032E0FB /* Release */ = {
			isa = XCBuildConfiguration;
			buildSettings = {
				ALWAYS_EMBED_SWIFT_STANDARD_LIBRARIES = YES;
				BUNDLE_LOADER = "$(TEST_HOST)";
				CODE_SIGN_STYLE = Automatic;
				CURRENT_PROJECT_VERSION = 1;
				DEVELOPMENT_TEAM = WX78P38A6L;
				GENERATE_INFOPLIST_FILE = YES;
				IPHONEOS_DEPLOYMENT_TARGET = 15.5;
				MARKETING_VERSION = 1.0;
				OTHER_SWIFT_FLAGS = "";
				PRODUCT_BUNDLE_IDENTIFIER = com.rodriced.SwimmeeTests;
				PRODUCT_NAME = "$(TARGET_NAME)";
				SWIFT_EMIT_LOC_STRINGS = NO;
				SWIFT_VERSION = 5.0;
				TARGETED_DEVICE_FAMILY = "1,2";
				TEST_HOST = "$(BUILT_PRODUCTS_DIR)/Swimmee.app/Swimmee";
			};
			name = Release;
		};
/* End XCBuildConfiguration section */

/* Begin XCConfigurationList section */
		DC88597728E269E10032E0FB /* Build configuration list for PBXProject "Swimmee" */ = {
			isa = XCConfigurationList;
			buildConfigurations = (
				DC88599E28E269E20032E0FB /* Debug */,
				DC88599F28E269E20032E0FB /* Release */,
			);
			defaultConfigurationIsVisible = 0;
			defaultConfigurationName = Release;
		};
		DC8859A028E269E20032E0FB /* Build configuration list for PBXNativeTarget "Swimmee" */ = {
			isa = XCConfigurationList;
			buildConfigurations = (
				DC8859A128E269E20032E0FB /* Debug */,
				DC8859A228E269E20032E0FB /* Release */,
			);
			defaultConfigurationIsVisible = 0;
			defaultConfigurationName = Release;
		};
		DC8859A328E269E20032E0FB /* Build configuration list for PBXNativeTarget "SwimmeeTests" */ = {
			isa = XCConfigurationList;
			buildConfigurations = (
				DC8859A428E269E20032E0FB /* Debug */,
				DC8859A528E269E20032E0FB /* Release */,
			);
			defaultConfigurationIsVisible = 0;
			defaultConfigurationName = Release;
		};
/* End XCConfigurationList section */

/* Begin XCRemoteSwiftPackageReference section */
		DC232BD5292B0D84007BC2ED /* XCRemoteSwiftPackageReference "SDWebImageSwiftUI" */ = {
			isa = XCRemoteSwiftPackageReference;
			repositoryURL = "https://github.com/SDWebImage/SDWebImageSwiftUI.git";
			requirement = {
				kind = upToNextMajorVersion;
				minimumVersion = 2.0.0;
			};
		};
		DCF3237C28FB37180030626C /* XCRemoteSwiftPackageReference "firebase-ios-sdk" */ = {
			isa = XCRemoteSwiftPackageReference;
			repositoryURL = "https://github.com/firebase/firebase-ios-sdk";
			requirement = {
				kind = upToNextMajorVersion;
				minimumVersion = 9.0.0;
			};
		};
/* End XCRemoteSwiftPackageReference section */

/* Begin XCSwiftPackageProductDependency section */
		DC232BD6292B0D84007BC2ED /* SDWebImageSwiftUI */ = {
			isa = XCSwiftPackageProductDependency;
			package = DC232BD5292B0D84007BC2ED /* XCRemoteSwiftPackageReference "SDWebImageSwiftUI" */;
			productName = SDWebImageSwiftUI;
		};
		DC2C224E294412B4005BBC19 /* FirebasePerformance */ = {
			isa = XCSwiftPackageProductDependency;
			package = DCF3237C28FB37180030626C /* XCRemoteSwiftPackageReference "firebase-ios-sdk" */;
			productName = FirebasePerformance;
		};
		DC5FBCA9294F809400DD3E05 /* FirebaseAnalytics */ = {
			isa = XCSwiftPackageProductDependency;
			package = DCF3237C28FB37180030626C /* XCRemoteSwiftPackageReference "firebase-ios-sdk" */;
			productName = FirebaseAnalytics;
		};
		DC5FBCAB294F809400DD3E05 /* FirebaseAnalyticsSwift */ = {
			isa = XCSwiftPackageProductDependency;
			package = DCF3237C28FB37180030626C /* XCRemoteSwiftPackageReference "firebase-ios-sdk" */;
			productName = FirebaseAnalyticsSwift;
		};
		DC5FBCAD294F844C00DD3E05 /* FirebaseCrashlytics */ = {
			isa = XCSwiftPackageProductDependency;
			package = DCF3237C28FB37180030626C /* XCRemoteSwiftPackageReference "firebase-ios-sdk" */;
			productName = FirebaseCrashlytics;
		};
		DCF3237D28FB37180030626C /* FirebaseAuth */ = {
			isa = XCSwiftPackageProductDependency;
			package = DCF3237C28FB37180030626C /* XCRemoteSwiftPackageReference "firebase-ios-sdk" */;
			productName = FirebaseAuth;
		};
		DCF3237F28FB37180030626C /* FirebaseAuthCombine-Community */ = {
			isa = XCSwiftPackageProductDependency;
			package = DCF3237C28FB37180030626C /* XCRemoteSwiftPackageReference "firebase-ios-sdk" */;
			productName = "FirebaseAuthCombine-Community";
		};
		DCF3238128FB37180030626C /* FirebaseFirestore */ = {
			isa = XCSwiftPackageProductDependency;
			package = DCF3237C28FB37180030626C /* XCRemoteSwiftPackageReference "firebase-ios-sdk" */;
			productName = FirebaseFirestore;
		};
		DCF3238328FB37180030626C /* FirebaseFirestoreCombine-Community */ = {
			isa = XCSwiftPackageProductDependency;
			package = DCF3237C28FB37180030626C /* XCRemoteSwiftPackageReference "firebase-ios-sdk" */;
			productName = "FirebaseFirestoreCombine-Community";
		};
		DCF3238528FB37180030626C /* FirebaseFirestoreSwift */ = {
			isa = XCSwiftPackageProductDependency;
			package = DCF3237C28FB37180030626C /* XCRemoteSwiftPackageReference "firebase-ios-sdk" */;
			productName = FirebaseFirestoreSwift;
		};
		DCF3238728FB37180030626C /* FirebaseStorage */ = {
			isa = XCSwiftPackageProductDependency;
			package = DCF3237C28FB37180030626C /* XCRemoteSwiftPackageReference "firebase-ios-sdk" */;
			productName = FirebaseStorage;
		};
		DCF3238928FB37180030626C /* FirebaseStorageCombine-Community */ = {
			isa = XCSwiftPackageProductDependency;
			package = DCF3237C28FB37180030626C /* XCRemoteSwiftPackageReference "firebase-ios-sdk" */;
			productName = "FirebaseStorageCombine-Community";
		};
/* End XCSwiftPackageProductDependency section */
	};
	rootObject = DC88597428E269E10032E0FB /* Project object */;
}
